// !$*UTF8*$!
{
	archiveVersion = 1;
	classes = {
	};
	objectVersion = 56;
	objects = {

/* Begin PBXBuildFile section */
		2C080D752B2DF84D0082BAD1 /* ValutaConversion in Frameworks */ = {isa = PBXBuildFile; productRef = 2C080D742B2DF84D0082BAD1 /* ValutaConversion */; };
		2C1AC2DF2B371CE30092BFB5 /* RemoteNotifcations in Frameworks */ = {isa = PBXBuildFile; productRef = 2C1AC2DE2B371CE30092BFB5 /* RemoteNotifcations */; };
		2C1AC2E12B371CEA0092BFB5 /* RemoteNotifcations in Frameworks */ = {isa = PBXBuildFile; productRef = 2C1AC2E02B371CEA0092BFB5 /* RemoteNotifcations */; };
		2C1AC2E32B3725C40092BFB5 /* AppDelegate_macOS.swift in Sources */ = {isa = PBXBuildFile; fileRef = 2C1AC2E22B3725C40092BFB5 /* AppDelegate_macOS.swift */; };
		2C1AC2E42B3725C40092BFB5 /* AppDelegate_macOS.swift in Sources */ = {isa = PBXBuildFile; fileRef = 2C1AC2E22B3725C40092BFB5 /* AppDelegate_macOS.swift */; };
		2C1AC2E62B3725D40092BFB5 /* AppDelegate_iOS.swift in Sources */ = {isa = PBXBuildFile; fileRef = 2C1AC2E52B3725D40092BFB5 /* AppDelegate_iOS.swift */; };
		2C1AC2E72B3725D40092BFB5 /* AppDelegate_iOS.swift in Sources */ = {isa = PBXBuildFile; fileRef = 2C1AC2E52B3725D40092BFB5 /* AppDelegate_iOS.swift */; };
		2C1AC2ED2B37293F0092BFB5 /* SharedUtils in Frameworks */ = {isa = PBXBuildFile; productRef = 2C1AC2EC2B37293F0092BFB5 /* SharedUtils */; };
		2C1AC2EF2B3729550092BFB5 /* SharedUtils in Frameworks */ = {isa = PBXBuildFile; productRef = 2C1AC2EE2B3729550092BFB5 /* SharedUtils */; };
		2C5266572B112C24000CD2D5 /* OwnStonksApp.swift in Sources */ = {isa = PBXBuildFile; fileRef = 2C5266562B112C24000CD2D5 /* OwnStonksApp.swift */; };
		2C5266592B112C24000CD2D5 /* ContentView.swift in Sources */ = {isa = PBXBuildFile; fileRef = 2C5266582B112C24000CD2D5 /* ContentView.swift */; };
		2C52665D2B112C24000CD2D5 /* Assets.xcassets in Resources */ = {isa = PBXBuildFile; fileRef = 2C52665C2B112C24000CD2D5 /* Assets.xcassets */; };
		2C5266612B112C24000CD2D5 /* Preview Assets.xcassets in Resources */ = {isa = PBXBuildFile; fileRef = 2C5266602B112C24000CD2D5 /* Preview Assets.xcassets */; };
		2C5266722B113EE3000CD2D5 /* Navigation in Frameworks */ = {isa = PBXBuildFile; productRef = 2C5266712B113EE3000CD2D5 /* Navigation */; };
		2C76E5782B33731000C5F9A4 /* ContentView.swift in Sources */ = {isa = PBXBuildFile; fileRef = 2C5266582B112C24000CD2D5 /* ContentView.swift */; };
		2C76E5792B33731000C5F9A4 /* OwnStonksApp.swift in Sources */ = {isa = PBXBuildFile; fileRef = 2C5266562B112C24000CD2D5 /* OwnStonksApp.swift */; };
		2C76E57B2B33731000C5F9A4 /* ValutaConversion in Frameworks */ = {isa = PBXBuildFile; productRef = 2C76E5752B33731000C5F9A4 /* ValutaConversion */; };
		2C76E57C2B33731000C5F9A4 /* UserSettings in Frameworks */ = {isa = PBXBuildFile; productRef = 2C76E5742B33731000C5F9A4 /* UserSettings */; };
		2C76E57D2B33731000C5F9A4 /* Transactions in Frameworks */ = {isa = PBXBuildFile; productRef = 2C76E5732B33731000C5F9A4 /* Transactions */; };
		2C76E57E2B33731000C5F9A4 /* Navigation in Frameworks */ = {isa = PBXBuildFile; productRef = 2C76E5712B33731000C5F9A4 /* Navigation */; };
		2C76E5812B33731000C5F9A4 /* Preview Assets.xcassets in Resources */ = {isa = PBXBuildFile; fileRef = 2C5266602B112C24000CD2D5 /* Preview Assets.xcassets */; };
		2C76E5822B33731000C5F9A4 /* Assets.xcassets in Resources */ = {isa = PBXBuildFile; fileRef = 2C52665C2B112C24000CD2D5 /* Assets.xcassets */; };
		2CAA428B2B26198E00D91B3E /* Transactions in Frameworks */ = {isa = PBXBuildFile; productRef = 2CAA428A2B26198E00D91B3E /* Transactions */; };
		2CC33C9A2B2A32880035ED02 /* UserSettings in Frameworks */ = {isa = PBXBuildFile; productRef = 2CC33C992B2A32880035ED02 /* UserSettings */; };
/* End PBXBuildFile section */

/* Begin PBXFileReference section */
		2C1AC2DD2B371BF70092BFB5 /* RemoteNotifcations */ = {isa = PBXFileReference; lastKnownFileType = wrapper; path = RemoteNotifcations; sourceTree = "<group>"; };
		2C1AC2E22B3725C40092BFB5 /* AppDelegate_macOS.swift */ = {isa = PBXFileReference; lastKnownFileType = sourcecode.swift; path = AppDelegate_macOS.swift; sourceTree = "<group>"; };
		2C1AC2E52B3725D40092BFB5 /* AppDelegate_iOS.swift */ = {isa = PBXFileReference; lastKnownFileType = sourcecode.swift; path = AppDelegate_iOS.swift; sourceTree = "<group>"; };
		2C2704542B3783970091F85A /* InfoDev.plist */ = {isa = PBXFileReference; lastKnownFileType = text.plist.xml; path = InfoDev.plist; sourceTree = "<group>"; };
		2C5266532B112C24000CD2D5 /* OwnStonks.app */ = {isa = PBXFileReference; explicitFileType = wrapper.application; includeInIndex = 0; path = OwnStonks.app; sourceTree = BUILT_PRODUCTS_DIR; };
		2C5266562B112C24000CD2D5 /* OwnStonksApp.swift */ = {isa = PBXFileReference; lastKnownFileType = sourcecode.swift; path = OwnStonksApp.swift; sourceTree = "<group>"; };
		2C5266582B112C24000CD2D5 /* ContentView.swift */ = {isa = PBXFileReference; lastKnownFileType = sourcecode.swift; path = ContentView.swift; sourceTree = "<group>"; };
		2C52665C2B112C24000CD2D5 /* Assets.xcassets */ = {isa = PBXFileReference; lastKnownFileType = folder.assetcatalog; path = Assets.xcassets; sourceTree = "<group>"; };
		2C52665E2B112C24000CD2D5 /* OwnStonks.entitlements */ = {isa = PBXFileReference; lastKnownFileType = text.plist.entitlements; path = OwnStonks.entitlements; sourceTree = "<group>"; };
		2C5266602B112C24000CD2D5 /* Preview Assets.xcassets */ = {isa = PBXFileReference; lastKnownFileType = folder.assetcatalog; path = "Preview Assets.xcassets"; sourceTree = "<group>"; };
		2C52666A2B112E5E000CD2D5 /* OwnStonks.xctestplan */ = {isa = PBXFileReference; lastKnownFileType = text; path = OwnStonks.xctestplan; sourceTree = "<group>"; };
		2C52666D2B11302C000CD2D5 /* prebuild.sh */ = {isa = PBXFileReference; lastKnownFileType = text.script.sh; path = prebuild.sh; sourceTree = "<group>"; };
		2C6B8FB42B36421900190FEB /* Info.plist */ = {isa = PBXFileReference; lastKnownFileType = text.plist; path = Info.plist; sourceTree = "<group>"; };
		2C76E5862B33731000C5F9A4 /* OwnStonksDev.app */ = {isa = PBXFileReference; explicitFileType = wrapper.application; includeInIndex = 0; path = OwnStonksDev.app; sourceTree = BUILT_PRODUCTS_DIR; };
		2C76E5872B3373AB00C5F9A4 /* OwnStonksDev.entitlements */ = {isa = PBXFileReference; lastKnownFileType = text.plist.entitlements; path = OwnStonksDev.entitlements; sourceTree = "<group>"; };
		2C7F5A4F2B2DCE230013A85B /* SharedStuff */ = {isa = PBXFileReference; lastKnownFileType = wrapper; path = SharedStuff; sourceTree = "<group>"; };
		2C840D792B1255190043F850 /* Navigation */ = {isa = PBXFileReference; lastKnownFileType = wrapper; path = Navigation; sourceTree = "<group>"; };
		2C840D7A2B1255850043F850 /* Features */ = {isa = PBXFileReference; lastKnownFileType = wrapper; path = Features; sourceTree = "<group>"; };
		2CAE16682B252B0D00F49575 /* PersistentData */ = {isa = PBXFileReference; lastKnownFileType = wrapper; path = PersistentData; sourceTree = "<group>"; };
		2CC33C9C2B2A4E740035ED02 /* empty.py */ = {isa = PBXFileReference; lastKnownFileType = text.script.python; path = empty.py; sourceTree = "<group>"; };
		2CC33C9D2B2A4E960035ED02 /* make_secrets.py */ = {isa = PBXFileReference; lastKnownFileType = text.script.python; path = make_secrets.py; sourceTree = "<group>"; };
		2CC33C9E2B2A57400035ED02 /* justfile */ = {isa = PBXFileReference; lastKnownFileType = text; path = justfile; sourceTree = "<group>"; };
		2CC33C9F2B2A57540035ED02 /* Brewfile */ = {isa = PBXFileReference; lastKnownFileType = text; path = Brewfile; sourceTree = "<group>"; };
		2CC33CA02B2A575D0035ED02 /* package.json */ = {isa = PBXFileReference; lastKnownFileType = text.json; path = package.json; sourceTree = "<group>"; };
		2CC33CA12B2A57690035ED02 /* pyproject.toml */ = {isa = PBXFileReference; lastKnownFileType = text; path = pyproject.toml; sourceTree = "<group>"; };
		2CC33CA22B2A576F0035ED02 /* README.md */ = {isa = PBXFileReference; lastKnownFileType = net.daringfireball.markdown; path = README.md; sourceTree = "<group>"; };
		2CDBC42F2B499DA50057FBBE /* StonksKit */ = {isa = PBXFileReference; lastKnownFileType = wrapper; path = StonksKit; sourceTree = "<group>"; };
/* End PBXFileReference section */

/* Begin PBXFrameworksBuildPhase section */
		2C5266502B112C24000CD2D5 /* Frameworks */ = {
			isa = PBXFrameworksBuildPhase;
			buildActionMask = 2147483647;
			files = (
				2C1AC2ED2B37293F0092BFB5 /* SharedUtils in Frameworks */,
				2C1AC2DF2B371CE30092BFB5 /* RemoteNotifcations in Frameworks */,
				2C080D752B2DF84D0082BAD1 /* ValutaConversion in Frameworks */,
				2CC33C9A2B2A32880035ED02 /* UserSettings in Frameworks */,
				2CAA428B2B26198E00D91B3E /* Transactions in Frameworks */,
				2C5266722B113EE3000CD2D5 /* Navigation in Frameworks */,
			);
			runOnlyForDeploymentPostprocessing = 0;
		};
		2C76E57A2B33731000C5F9A4 /* Frameworks */ = {
			isa = PBXFrameworksBuildPhase;
			buildActionMask = 2147483647;
			files = (
				2C1AC2EF2B3729550092BFB5 /* SharedUtils in Frameworks */,
				2C1AC2E12B371CEA0092BFB5 /* RemoteNotifcations in Frameworks */,
				2C76E57B2B33731000C5F9A4 /* ValutaConversion in Frameworks */,
				2C76E57C2B33731000C5F9A4 /* UserSettings in Frameworks */,
				2C76E57D2B33731000C5F9A4 /* Transactions in Frameworks */,
				2C76E57E2B33731000C5F9A4 /* Navigation in Frameworks */,
			);
			runOnlyForDeploymentPostprocessing = 0;
		};
/* End PBXFrameworksBuildPhase section */

/* Begin PBXGroup section */
		2C52664A2B112C24000CD2D5 = {
			isa = PBXGroup;
			children = (
				2CC33C9F2B2A57540035ED02 /* Brewfile */,
				2CC33C9E2B2A57400035ED02 /* justfile */,
				2CC33CA02B2A575D0035ED02 /* package.json */,
				2CC33CA22B2A576F0035ED02 /* README.md */,
				2CC33CA12B2A57690035ED02 /* pyproject.toml */,
				2C5266702B113EE3000CD2D5 /* Frameworks */,
				2C52666E2B113DE6000CD2D5 /* Modules */,
				2C5266552B112C24000CD2D5 /* OwnStonks */,
				2C5266542B112C24000CD2D5 /* Products */,
				2C52666C2B113019000CD2D5 /* Scripts */,
				2C5266692B112E4B000CD2D5 /* Tests */,
			);
			sourceTree = "<group>";
		};
		2C5266542B112C24000CD2D5 /* Products */ = {
			isa = PBXGroup;
			children = (
				2C5266532B112C24000CD2D5 /* OwnStonks.app */,
				2C76E5862B33731000C5F9A4 /* OwnStonksDev.app */,
			);
			name = Products;
			sourceTree = "<group>";
		};
		2C5266552B112C24000CD2D5 /* OwnStonks */ = {
			isa = PBXGroup;
			children = (
				2C52665E2B112C24000CD2D5 /* OwnStonks.entitlements */,
				2C76E5872B3373AB00C5F9A4 /* OwnStonksDev.entitlements */,
				2C2704542B3783970091F85A /* InfoDev.plist */,
				2C6B8FB42B36421900190FEB /* Info.plist */,
				2C1AC2E52B3725D40092BFB5 /* AppDelegate_iOS.swift */,
				2C1AC2E22B3725C40092BFB5 /* AppDelegate_macOS.swift */,
				2C5266582B112C24000CD2D5 /* ContentView.swift */,
				2C5266562B112C24000CD2D5 /* OwnStonksApp.swift */,
				2C52665C2B112C24000CD2D5 /* Assets.xcassets */,
				2C52665F2B112C24000CD2D5 /* Preview Content */,
			);
			path = OwnStonks;
			sourceTree = "<group>";
		};
		2C52665F2B112C24000CD2D5 /* Preview Content */ = {
			isa = PBXGroup;
			children = (
				2C5266602B112C24000CD2D5 /* Preview Assets.xcassets */,
			);
			path = "Preview Content";
			sourceTree = "<group>";
		};
		2C5266692B112E4B000CD2D5 /* Tests */ = {
			isa = PBXGroup;
			children = (
				2C52666A2B112E5E000CD2D5 /* OwnStonks.xctestplan */,
			);
			path = Tests;
			sourceTree = "<group>";
		};
		2C52666C2B113019000CD2D5 /* Scripts */ = {
			isa = PBXGroup;
			children = (
				2CC33C9D2B2A4E960035ED02 /* make_secrets.py */,
				2C52666D2B11302C000CD2D5 /* prebuild.sh */,
				2CC33C9B2B2A4E740035ED02 /* asserts */,
			);
			path = Scripts;
			sourceTree = "<group>";
		};
		2C52666E2B113DE6000CD2D5 /* Modules */ = {
			isa = PBXGroup;
			children = (
				2C840D7A2B1255850043F850 /* Features */,
				2C840D792B1255190043F850 /* Navigation */,
				2CAE16682B252B0D00F49575 /* PersistentData */,
				2C1AC2DD2B371BF70092BFB5 /* RemoteNotifcations */,
				2C7F5A4F2B2DCE230013A85B /* SharedStuff */,
				2CDBC42F2B499DA50057FBBE /* StonksKit */,
			);
			path = Modules;
			sourceTree = "<group>";
		};
		2C5266702B113EE3000CD2D5 /* Frameworks */ = {
			isa = PBXGroup;
			children = (
			);
			name = Frameworks;
			sourceTree = "<group>";
		};
		2CC33C9B2B2A4E740035ED02 /* asserts */ = {
			isa = PBXGroup;
			children = (
				2CC33C9C2B2A4E740035ED02 /* empty.py */,
			);
			path = asserts;
			sourceTree = "<group>";
		};
/* End PBXGroup section */

/* Begin PBXNativeTarget section */
		2C5266522B112C24000CD2D5 /* OwnStonks */ = {
			isa = PBXNativeTarget;
			buildConfigurationList = 2C5266642B112C24000CD2D5 /* Build configuration list for PBXNativeTarget "OwnStonks" */;
			buildPhases = (
				2C52666B2B112FE3000CD2D5 /* Pre Build */,
				2C52664F2B112C24000CD2D5 /* Sources */,
				2C5266502B112C24000CD2D5 /* Frameworks */,
				2C5266512B112C24000CD2D5 /* Resources */,
			);
			buildRules = (
			);
			dependencies = (
			);
			name = OwnStonks;
			packageProductDependencies = (
				2C5266712B113EE3000CD2D5 /* Navigation */,
				2CAA428A2B26198E00D91B3E /* Transactions */,
				2CC33C992B2A32880035ED02 /* UserSettings */,
				2C080D742B2DF84D0082BAD1 /* ValutaConversion */,
				2C1AC2DE2B371CE30092BFB5 /* RemoteNotifcations */,
				2C1AC2EC2B37293F0092BFB5 /* SharedUtils */,
			);
			productName = OwnStonks;
			productReference = 2C5266532B112C24000CD2D5 /* OwnStonks.app */;
			productType = "com.apple.product-type.application";
		};
		2C76E5702B33731000C5F9A4 /* OwnStonksDev */ = {
			isa = PBXNativeTarget;
			buildConfigurationList = 2C76E5832B33731000C5F9A4 /* Build configuration list for PBXNativeTarget "OwnStonksDev" */;
			buildPhases = (
				2C76E5762B33731000C5F9A4 /* Pre Build */,
				2C76E5772B33731000C5F9A4 /* Sources */,
				2C76E57A2B33731000C5F9A4 /* Frameworks */,
				2C76E5802B33731000C5F9A4 /* Resources */,
			);
			buildRules = (
			);
			dependencies = (
			);
			name = OwnStonksDev;
			packageProductDependencies = (
				2C76E5712B33731000C5F9A4 /* Navigation */,
				2C76E5732B33731000C5F9A4 /* Transactions */,
				2C76E5742B33731000C5F9A4 /* UserSettings */,
				2C76E5752B33731000C5F9A4 /* ValutaConversion */,
				2C1AC2E02B371CEA0092BFB5 /* RemoteNotifcations */,
				2C1AC2EE2B3729550092BFB5 /* SharedUtils */,
			);
			productName = OwnStonks;
			productReference = 2C76E5862B33731000C5F9A4 /* OwnStonksDev.app */;
			productType = "com.apple.product-type.application";
		};
/* End PBXNativeTarget section */

/* Begin PBXProject section */
		2C52664B2B112C24000CD2D5 /* Project object */ = {
			isa = PBXProject;
			attributes = {
				BuildIndependentTargetsInParallel = 1;
				LastSwiftUpdateCheck = 1500;
				LastUpgradeCheck = 1510;
				TargetAttributes = {
					2C5266522B112C24000CD2D5 = {
						CreatedOnToolsVersion = 15.0.1;
					};
				};
			};
			buildConfigurationList = 2C52664E2B112C24000CD2D5 /* Build configuration list for PBXProject "OwnStonks" */;
			compatibilityVersion = "Xcode 14.0";
			developmentRegion = en;
			hasScannedForEncodings = 0;
			knownRegions = (
				en,
				Base,
			);
			mainGroup = 2C52664A2B112C24000CD2D5;
			packageReferences = (
				2CC33C7C2B2A30AD0035ED02 /* XCRemoteSwiftPackageReference "KamaalSwift" */,
			);
			productRefGroup = 2C5266542B112C24000CD2D5 /* Products */;
			projectDirPath = "";
			projectRoot = "";
			targets = (
				2C5266522B112C24000CD2D5 /* OwnStonks */,
				2C76E5702B33731000C5F9A4 /* OwnStonksDev */,
			);
		};
/* End PBXProject section */

/* Begin PBXResourcesBuildPhase section */
		2C5266512B112C24000CD2D5 /* Resources */ = {
			isa = PBXResourcesBuildPhase;
			buildActionMask = 2147483647;
			files = (
				2C5266612B112C24000CD2D5 /* Preview Assets.xcassets in Resources */,
				2C52665D2B112C24000CD2D5 /* Assets.xcassets in Resources */,
			);
			runOnlyForDeploymentPostprocessing = 0;
		};
		2C76E5802B33731000C5F9A4 /* Resources */ = {
			isa = PBXResourcesBuildPhase;
			buildActionMask = 2147483647;
			files = (
				2C76E5812B33731000C5F9A4 /* Preview Assets.xcassets in Resources */,
				2C76E5822B33731000C5F9A4 /* Assets.xcassets in Resources */,
			);
			runOnlyForDeploymentPostprocessing = 0;
		};
/* End PBXResourcesBuildPhase section */

/* Begin PBXShellScriptBuildPhase section */
		2C52666B2B112FE3000CD2D5 /* Pre Build */ = {
			isa = PBXShellScriptBuildPhase;
			alwaysOutOfDate = 1;
			buildActionMask = 12;
			files = (
			);
			inputFileListPaths = (
			);
			inputPaths = (
			);
			name = "Pre Build";
			outputFileListPaths = (
			);
			outputPaths = (
			);
			runOnlyForDeploymentPostprocessing = 0;
			shellPath = /bin/sh;
			shellScript = "sh Scripts/prebuild.sh\n";
		};
		2C76E5762B33731000C5F9A4 /* Pre Build */ = {
			isa = PBXShellScriptBuildPhase;
			alwaysOutOfDate = 1;
			buildActionMask = 12;
			files = (
			);
			inputFileListPaths = (
			);
			inputPaths = (
			);
			name = "Pre Build";
			outputFileListPaths = (
			);
			outputPaths = (
			);
			runOnlyForDeploymentPostprocessing = 0;
			shellPath = /bin/sh;
			shellScript = "sh Scripts/prebuild.sh\n";
		};
/* End PBXShellScriptBuildPhase section */

/* Begin PBXSourcesBuildPhase section */
		2C52664F2B112C24000CD2D5 /* Sources */ = {
			isa = PBXSourcesBuildPhase;
			buildActionMask = 2147483647;
			files = (
				2C1AC2E32B3725C40092BFB5 /* AppDelegate_macOS.swift in Sources */,
				2C5266592B112C24000CD2D5 /* ContentView.swift in Sources */,
				2C1AC2E62B3725D40092BFB5 /* AppDelegate_iOS.swift in Sources */,
				2C5266572B112C24000CD2D5 /* OwnStonksApp.swift in Sources */,
			);
			runOnlyForDeploymentPostprocessing = 0;
		};
		2C76E5772B33731000C5F9A4 /* Sources */ = {
			isa = PBXSourcesBuildPhase;
			buildActionMask = 2147483647;
			files = (
				2C1AC2E42B3725C40092BFB5 /* AppDelegate_macOS.swift in Sources */,
				2C76E5782B33731000C5F9A4 /* ContentView.swift in Sources */,
				2C1AC2E72B3725D40092BFB5 /* AppDelegate_iOS.swift in Sources */,
				2C76E5792B33731000C5F9A4 /* OwnStonksApp.swift in Sources */,
			);
			runOnlyForDeploymentPostprocessing = 0;
		};
/* End PBXSourcesBuildPhase section */

/* Begin XCBuildConfiguration section */
		2C5266622B112C24000CD2D5 /* Debug */ = {
			isa = XCBuildConfiguration;
			buildSettings = {
				ALWAYS_SEARCH_USER_PATHS = NO;
				ASSETCATALOG_COMPILER_GENERATE_SWIFT_ASSET_SYMBOL_EXTENSIONS = YES;
				CLANG_ANALYZER_NONNULL = YES;
				CLANG_ANALYZER_NUMBER_OBJECT_CONVERSION = YES_AGGRESSIVE;
				CLANG_CXX_LANGUAGE_STANDARD = "gnu++20";
				CLANG_ENABLE_MODULES = YES;
				CLANG_ENABLE_OBJC_ARC = YES;
				CLANG_ENABLE_OBJC_WEAK = YES;
				CLANG_WARN_BLOCK_CAPTURE_AUTORELEASING = YES;
				CLANG_WARN_BOOL_CONVERSION = YES;
				CLANG_WARN_COMMA = YES;
				CLANG_WARN_CONSTANT_CONVERSION = YES;
				CLANG_WARN_DEPRECATED_OBJC_IMPLEMENTATIONS = YES;
				CLANG_WARN_DIRECT_OBJC_ISA_USAGE = YES_ERROR;
				CLANG_WARN_DOCUMENTATION_COMMENTS = YES;
				CLANG_WARN_EMPTY_BODY = YES;
				CLANG_WARN_ENUM_CONVERSION = YES;
				CLANG_WARN_INFINITE_RECURSION = YES;
				CLANG_WARN_INT_CONVERSION = YES;
				CLANG_WARN_NON_LITERAL_NULL_CONVERSION = YES;
				CLANG_WARN_OBJC_IMPLICIT_RETAIN_SELF = YES;
				CLANG_WARN_OBJC_LITERAL_CONVERSION = YES;
				CLANG_WARN_OBJC_ROOT_CLASS = YES_ERROR;
				CLANG_WARN_QUOTED_INCLUDE_IN_FRAMEWORK_HEADER = YES;
				CLANG_WARN_RANGE_LOOP_ANALYSIS = YES;
				CLANG_WARN_STRICT_PROTOTYPES = YES;
				CLANG_WARN_SUSPICIOUS_MOVE = YES;
				CLANG_WARN_UNGUARDED_AVAILABILITY = YES_AGGRESSIVE;
				CLANG_WARN_UNREACHABLE_CODE = YES;
				CLANG_WARN__DUPLICATE_METHOD_MATCH = YES;
				COPY_PHASE_STRIP = NO;
				DEAD_CODE_STRIPPING = YES;
				DEBUG_INFORMATION_FORMAT = dwarf;
				ENABLE_STRICT_OBJC_MSGSEND = YES;
				ENABLE_TESTABILITY = YES;
				ENABLE_USER_SCRIPT_SANDBOXING = YES;
				GCC_C_LANGUAGE_STANDARD = gnu17;
				GCC_DYNAMIC_NO_PIC = NO;
				GCC_NO_COMMON_BLOCKS = YES;
				GCC_OPTIMIZATION_LEVEL = 0;
				GCC_PREPROCESSOR_DEFINITIONS = (
					"DEBUG=1",
					"$(inherited)",
				);
				GCC_WARN_64_TO_32_BIT_CONVERSION = YES;
				GCC_WARN_ABOUT_RETURN_TYPE = YES_ERROR;
				GCC_WARN_UNDECLARED_SELECTOR = YES;
				GCC_WARN_UNINITIALIZED_AUTOS = YES_AGGRESSIVE;
				GCC_WARN_UNUSED_FUNCTION = YES;
				GCC_WARN_UNUSED_VARIABLE = YES;
				LOCALIZATION_PREFERS_STRING_CATALOGS = YES;
				MTL_ENABLE_DEBUG_INFO = INCLUDE_SOURCE;
				MTL_FAST_MATH = YES;
				ONLY_ACTIVE_ARCH = YES;
				SWIFT_ACTIVE_COMPILATION_CONDITIONS = "DEBUG $(inherited)";
				SWIFT_OPTIMIZATION_LEVEL = "-Onone";
			};
			name = Debug;
		};
		2C5266632B112C24000CD2D5 /* Release */ = {
			isa = XCBuildConfiguration;
			buildSettings = {
				ALWAYS_SEARCH_USER_PATHS = NO;
				ASSETCATALOG_COMPILER_GENERATE_SWIFT_ASSET_SYMBOL_EXTENSIONS = YES;
				CLANG_ANALYZER_NONNULL = YES;
				CLANG_ANALYZER_NUMBER_OBJECT_CONVERSION = YES_AGGRESSIVE;
				CLANG_CXX_LANGUAGE_STANDARD = "gnu++20";
				CLANG_ENABLE_MODULES = YES;
				CLANG_ENABLE_OBJC_ARC = YES;
				CLANG_ENABLE_OBJC_WEAK = YES;
				CLANG_WARN_BLOCK_CAPTURE_AUTORELEASING = YES;
				CLANG_WARN_BOOL_CONVERSION = YES;
				CLANG_WARN_COMMA = YES;
				CLANG_WARN_CONSTANT_CONVERSION = YES;
				CLANG_WARN_DEPRECATED_OBJC_IMPLEMENTATIONS = YES;
				CLANG_WARN_DIRECT_OBJC_ISA_USAGE = YES_ERROR;
				CLANG_WARN_DOCUMENTATION_COMMENTS = YES;
				CLANG_WARN_EMPTY_BODY = YES;
				CLANG_WARN_ENUM_CONVERSION = YES;
				CLANG_WARN_INFINITE_RECURSION = YES;
				CLANG_WARN_INT_CONVERSION = YES;
				CLANG_WARN_NON_LITERAL_NULL_CONVERSION = YES;
				CLANG_WARN_OBJC_IMPLICIT_RETAIN_SELF = YES;
				CLANG_WARN_OBJC_LITERAL_CONVERSION = YES;
				CLANG_WARN_OBJC_ROOT_CLASS = YES_ERROR;
				CLANG_WARN_QUOTED_INCLUDE_IN_FRAMEWORK_HEADER = YES;
				CLANG_WARN_RANGE_LOOP_ANALYSIS = YES;
				CLANG_WARN_STRICT_PROTOTYPES = YES;
				CLANG_WARN_SUSPICIOUS_MOVE = YES;
				CLANG_WARN_UNGUARDED_AVAILABILITY = YES_AGGRESSIVE;
				CLANG_WARN_UNREACHABLE_CODE = YES;
				CLANG_WARN__DUPLICATE_METHOD_MATCH = YES;
				COPY_PHASE_STRIP = NO;
				DEAD_CODE_STRIPPING = YES;
				DEBUG_INFORMATION_FORMAT = "dwarf-with-dsym";
				ENABLE_NS_ASSERTIONS = NO;
				ENABLE_STRICT_OBJC_MSGSEND = YES;
				ENABLE_USER_SCRIPT_SANDBOXING = YES;
				GCC_C_LANGUAGE_STANDARD = gnu17;
				GCC_NO_COMMON_BLOCKS = YES;
				GCC_WARN_64_TO_32_BIT_CONVERSION = YES;
				GCC_WARN_ABOUT_RETURN_TYPE = YES_ERROR;
				GCC_WARN_UNDECLARED_SELECTOR = YES;
				GCC_WARN_UNINITIALIZED_AUTOS = YES_AGGRESSIVE;
				GCC_WARN_UNUSED_FUNCTION = YES;
				GCC_WARN_UNUSED_VARIABLE = YES;
				LOCALIZATION_PREFERS_STRING_CATALOGS = YES;
				MTL_ENABLE_DEBUG_INFO = NO;
				MTL_FAST_MATH = YES;
				SWIFT_COMPILATION_MODE = wholemodule;
			};
			name = Release;
		};
		2C5266652B112C24000CD2D5 /* Debug */ = {
			isa = XCBuildConfiguration;
			buildSettings = {
				ASSETCATALOG_COMPILER_APPICON_NAME = IOSAppIcon;
				"ASSETCATALOG_COMPILER_APPICON_NAME[sdk=macosx*]" = MacAppIcon;
				ASSETCATALOG_COMPILER_GLOBAL_ACCENT_COLOR_NAME = AccentColor;
				CODE_SIGN_ENTITLEMENTS = OwnStonks/OwnStonks.entitlements;
				CODE_SIGN_STYLE = Automatic;
				CURRENT_PROJECT_VERSION = 65;
				DEAD_CODE_STRIPPING = YES;
				DEVELOPMENT_ASSET_PATHS = "\"OwnStonks/Preview Content\"";
				DEVELOPMENT_TEAM = DXUKH9VF73;
				ENABLE_HARDENED_RUNTIME = YES;
				ENABLE_PREVIEWS = YES;
				ENABLE_USER_SCRIPT_SANDBOXING = NO;
				GENERATE_INFOPLIST_FILE = YES;
				INFOPLIST_FILE = OwnStonks/Info.plist;
				INFOPLIST_KEY_LSApplicationCategoryType = "public.app-category.finance";
				"INFOPLIST_KEY_UIApplicationSceneManifest_Generation[sdk=iphoneos*]" = YES;
				"INFOPLIST_KEY_UIApplicationSceneManifest_Generation[sdk=iphonesimulator*]" = YES;
				"INFOPLIST_KEY_UIApplicationSupportsIndirectInputEvents[sdk=iphoneos*]" = YES;
				"INFOPLIST_KEY_UIApplicationSupportsIndirectInputEvents[sdk=iphonesimulator*]" = YES;
				"INFOPLIST_KEY_UILaunchScreen_Generation[sdk=iphoneos*]" = YES;
				"INFOPLIST_KEY_UILaunchScreen_Generation[sdk=iphonesimulator*]" = YES;
				"INFOPLIST_KEY_UIStatusBarStyle[sdk=iphoneos*]" = UIStatusBarStyleDefault;
				"INFOPLIST_KEY_UIStatusBarStyle[sdk=iphonesimulator*]" = UIStatusBarStyleDefault;
				INFOPLIST_KEY_UISupportedInterfaceOrientations_iPad = "UIInterfaceOrientationPortrait UIInterfaceOrientationPortraitUpsideDown UIInterfaceOrientationLandscapeLeft UIInterfaceOrientationLandscapeRight";
				INFOPLIST_KEY_UISupportedInterfaceOrientations_iPhone = "UIInterfaceOrientationPortrait UIInterfaceOrientationLandscapeLeft UIInterfaceOrientationLandscapeRight";
				IPHONEOS_DEPLOYMENT_TARGET = 17.0;
				LD_RUNPATH_SEARCH_PATHS = "@executable_path/Frameworks";
				"LD_RUNPATH_SEARCH_PATHS[sdk=macosx*]" = "@executable_path/../Frameworks";
				MACOSX_DEPLOYMENT_TARGET = 14.0;
				MARKETING_VERSION = 1.0;
				PRODUCT_BUNDLE_IDENTIFIER = io.kamaal.OwnStonks;
				PRODUCT_NAME = "$(TARGET_NAME)";
				SDKROOT = auto;
				SUPPORTED_PLATFORMS = "iphoneos iphonesimulator macosx";
				SWIFT_EMIT_LOC_STRINGS = YES;
				SWIFT_VERSION = 5.0;
				TARGETED_DEVICE_FAMILY = "1,2";
			};
			name = Debug;
		};
		2C5266662B112C24000CD2D5 /* Release */ = {
			isa = XCBuildConfiguration;
			buildSettings = {
				ASSETCATALOG_COMPILER_APPICON_NAME = IOSAppIcon;
				"ASSETCATALOG_COMPILER_APPICON_NAME[sdk=macosx*]" = MacAppIcon;
				ASSETCATALOG_COMPILER_GLOBAL_ACCENT_COLOR_NAME = AccentColor;
				CODE_SIGN_ENTITLEMENTS = OwnStonks/OwnStonks.entitlements;
				CODE_SIGN_IDENTITY = "Apple Distribution: Kamaal Farah (DXUKH9VF73)";
				CODE_SIGN_STYLE = Manual;
				CURRENT_PROJECT_VERSION = 65;
				DEAD_CODE_STRIPPING = YES;
				DEVELOPMENT_ASSET_PATHS = "\"OwnStonks/Preview Content\"";
				DEVELOPMENT_TEAM = "";
				"DEVELOPMENT_TEAM[sdk=iphoneos*]" = DXUKH9VF73;
				"DEVELOPMENT_TEAM[sdk=macosx*]" = DXUKH9VF73;
				ENABLE_HARDENED_RUNTIME = YES;
				ENABLE_PREVIEWS = YES;
				ENABLE_USER_SCRIPT_SANDBOXING = NO;
				GENERATE_INFOPLIST_FILE = YES;
				INFOPLIST_FILE = OwnStonks/Info.plist;
				INFOPLIST_KEY_LSApplicationCategoryType = "public.app-category.finance";
				"INFOPLIST_KEY_UIApplicationSceneManifest_Generation[sdk=iphoneos*]" = YES;
				"INFOPLIST_KEY_UIApplicationSceneManifest_Generation[sdk=iphonesimulator*]" = YES;
				"INFOPLIST_KEY_UIApplicationSupportsIndirectInputEvents[sdk=iphoneos*]" = YES;
				"INFOPLIST_KEY_UIApplicationSupportsIndirectInputEvents[sdk=iphonesimulator*]" = YES;
				"INFOPLIST_KEY_UILaunchScreen_Generation[sdk=iphoneos*]" = YES;
				"INFOPLIST_KEY_UILaunchScreen_Generation[sdk=iphonesimulator*]" = YES;
				"INFOPLIST_KEY_UIStatusBarStyle[sdk=iphoneos*]" = UIStatusBarStyleDefault;
				"INFOPLIST_KEY_UIStatusBarStyle[sdk=iphonesimulator*]" = UIStatusBarStyleDefault;
				INFOPLIST_KEY_UISupportedInterfaceOrientations_iPad = "UIInterfaceOrientationPortrait UIInterfaceOrientationPortraitUpsideDown UIInterfaceOrientationLandscapeLeft UIInterfaceOrientationLandscapeRight";
				INFOPLIST_KEY_UISupportedInterfaceOrientations_iPhone = "UIInterfaceOrientationPortrait UIInterfaceOrientationLandscapeLeft UIInterfaceOrientationLandscapeRight";
				IPHONEOS_DEPLOYMENT_TARGET = 17.0;
				LD_RUNPATH_SEARCH_PATHS = "@executable_path/Frameworks";
				"LD_RUNPATH_SEARCH_PATHS[sdk=macosx*]" = "@executable_path/../Frameworks";
				MACOSX_DEPLOYMENT_TARGET = 14.0;
				MARKETING_VERSION = 1.0;
				PRODUCT_BUNDLE_IDENTIFIER = io.kamaal.OwnStonks;
				PRODUCT_NAME = "$(TARGET_NAME)";
				PROVISIONING_PROFILE_SPECIFIER = "";
				"PROVISIONING_PROFILE_SPECIFIER[sdk=iphoneos*]" = "OwnStonks iOS";
				"PROVISIONING_PROFILE_SPECIFIER[sdk=macosx*]" = "OwnStonks macOS";
				SDKROOT = auto;
				SUPPORTED_PLATFORMS = "iphoneos iphonesimulator macosx";
				SWIFT_EMIT_LOC_STRINGS = YES;
				SWIFT_VERSION = 5.0;
				TARGETED_DEVICE_FAMILY = "1,2";
			};
			name = Release;
		};
		2C76E5842B33731000C5F9A4 /* Debug */ = {
			isa = XCBuildConfiguration;
			buildSettings = {
				ASSETCATALOG_COMPILER_APPICON_NAME = IOSAppIcon;
				"ASSETCATALOG_COMPILER_APPICON_NAME[sdk=macosx*]" = MacAppIcon;
				ASSETCATALOG_COMPILER_GLOBAL_ACCENT_COLOR_NAME = AccentColor;
				CODE_SIGN_ENTITLEMENTS = OwnStonks/OwnStonksDev.entitlements;
				CODE_SIGN_STYLE = Automatic;
				CURRENT_PROJECT_VERSION = 65;
				DEAD_CODE_STRIPPING = YES;
				DEVELOPMENT_ASSET_PATHS = "\"OwnStonks/Preview Content\"";
				DEVELOPMENT_TEAM = DXUKH9VF73;
				ENABLE_HARDENED_RUNTIME = YES;
				ENABLE_PREVIEWS = YES;
				ENABLE_USER_SCRIPT_SANDBOXING = NO;
				GENERATE_INFOPLIST_FILE = YES;
				INFOPLIST_FILE = OwnStonks/InfoDev.plist;
				INFOPLIST_KEY_LSApplicationCategoryType = "public.app-category.finance";
				"INFOPLIST_KEY_UIApplicationSceneManifest_Generation[sdk=iphoneos*]" = YES;
				"INFOPLIST_KEY_UIApplicationSceneManifest_Generation[sdk=iphonesimulator*]" = YES;
				"INFOPLIST_KEY_UIApplicationSupportsIndirectInputEvents[sdk=iphoneos*]" = YES;
				"INFOPLIST_KEY_UIApplicationSupportsIndirectInputEvents[sdk=iphonesimulator*]" = YES;
				"INFOPLIST_KEY_UILaunchScreen_Generation[sdk=iphoneos*]" = YES;
				"INFOPLIST_KEY_UILaunchScreen_Generation[sdk=iphonesimulator*]" = YES;
				"INFOPLIST_KEY_UIStatusBarStyle[sdk=iphoneos*]" = UIStatusBarStyleDefault;
				"INFOPLIST_KEY_UIStatusBarStyle[sdk=iphonesimulator*]" = UIStatusBarStyleDefault;
				INFOPLIST_KEY_UISupportedInterfaceOrientations_iPad = "UIInterfaceOrientationPortrait UIInterfaceOrientationPortraitUpsideDown UIInterfaceOrientationLandscapeLeft UIInterfaceOrientationLandscapeRight";
				INFOPLIST_KEY_UISupportedInterfaceOrientations_iPhone = "UIInterfaceOrientationPortrait UIInterfaceOrientationLandscapeLeft UIInterfaceOrientationLandscapeRight";
				IPHONEOS_DEPLOYMENT_TARGET = 17.0;
				LD_RUNPATH_SEARCH_PATHS = "@executable_path/Frameworks";
				"LD_RUNPATH_SEARCH_PATHS[sdk=macosx*]" = "@executable_path/../Frameworks";
				MACOSX_DEPLOYMENT_TARGET = 14.0;
				MARKETING_VERSION = 1.0;
				PRODUCT_BUNDLE_IDENTIFIER = io.kamaal.OwnStonks;
				PRODUCT_NAME = "$(TARGET_NAME)";
				SDKROOT = auto;
				SUPPORTED_PLATFORMS = "iphoneos iphonesimulator macosx";
				SWIFT_EMIT_LOC_STRINGS = YES;
				SWIFT_VERSION = 5.0;
				TARGETED_DEVICE_FAMILY = "1,2";
			};
			name = Debug;
		};
		2C76E5852B33731000C5F9A4 /* Release */ = {
			isa = XCBuildConfiguration;
			buildSettings = {
				ASSETCATALOG_COMPILER_APPICON_NAME = IOSAppIcon;
				"ASSETCATALOG_COMPILER_APPICON_NAME[sdk=macosx*]" = MacAppIcon;
				ASSETCATALOG_COMPILER_GLOBAL_ACCENT_COLOR_NAME = AccentColor;
				CODE_SIGN_ENTITLEMENTS = OwnStonks/OwnStonksDev.entitlements;
				CODE_SIGN_STYLE = Automatic;
				CURRENT_PROJECT_VERSION = 65;
				DEAD_CODE_STRIPPING = YES;
				DEVELOPMENT_ASSET_PATHS = "\"OwnStonks/Preview Content\"";
				DEVELOPMENT_TEAM = DXUKH9VF73;
				ENABLE_HARDENED_RUNTIME = YES;
				ENABLE_PREVIEWS = YES;
				ENABLE_USER_SCRIPT_SANDBOXING = NO;
				GENERATE_INFOPLIST_FILE = YES;
				INFOPLIST_FILE = OwnStonks/InfoDev.plist;
				INFOPLIST_KEY_LSApplicationCategoryType = "public.app-category.finance";
				"INFOPLIST_KEY_UIApplicationSceneManifest_Generation[sdk=iphoneos*]" = YES;
				"INFOPLIST_KEY_UIApplicationSceneManifest_Generation[sdk=iphonesimulator*]" = YES;
				"INFOPLIST_KEY_UIApplicationSupportsIndirectInputEvents[sdk=iphoneos*]" = YES;
				"INFOPLIST_KEY_UIApplicationSupportsIndirectInputEvents[sdk=iphonesimulator*]" = YES;
				"INFOPLIST_KEY_UILaunchScreen_Generation[sdk=iphoneos*]" = YES;
				"INFOPLIST_KEY_UILaunchScreen_Generation[sdk=iphonesimulator*]" = YES;
				"INFOPLIST_KEY_UIStatusBarStyle[sdk=iphoneos*]" = UIStatusBarStyleDefault;
				"INFOPLIST_KEY_UIStatusBarStyle[sdk=iphonesimulator*]" = UIStatusBarStyleDefault;
				INFOPLIST_KEY_UISupportedInterfaceOrientations_iPad = "UIInterfaceOrientationPortrait UIInterfaceOrientationPortraitUpsideDown UIInterfaceOrientationLandscapeLeft UIInterfaceOrientationLandscapeRight";
				INFOPLIST_KEY_UISupportedInterfaceOrientations_iPhone = "UIInterfaceOrientationPortrait UIInterfaceOrientationLandscapeLeft UIInterfaceOrientationLandscapeRight";
				IPHONEOS_DEPLOYMENT_TARGET = 17.0;
				LD_RUNPATH_SEARCH_PATHS = "@executable_path/Frameworks";
				"LD_RUNPATH_SEARCH_PATHS[sdk=macosx*]" = "@executable_path/../Frameworks";
				MACOSX_DEPLOYMENT_TARGET = 14.0;
				MARKETING_VERSION = 1.0;
				PRODUCT_BUNDLE_IDENTIFIER = io.kamaal.OwnStonks;
				PRODUCT_NAME = "$(TARGET_NAME)";
				SDKROOT = auto;
				SUPPORTED_PLATFORMS = "iphoneos iphonesimulator macosx";
				SWIFT_EMIT_LOC_STRINGS = YES;
				SWIFT_VERSION = 5.0;
				TARGETED_DEVICE_FAMILY = "1,2";
			};
			name = Release;
		};
/* End XCBuildConfiguration section */

/* Begin XCConfigurationList section */
		2C52664E2B112C24000CD2D5 /* Build configuration list for PBXProject "OwnStonks" */ = {
			isa = XCConfigurationList;
			buildConfigurations = (
				2C5266622B112C24000CD2D5 /* Debug */,
				2C5266632B112C24000CD2D5 /* Release */,
			);
			defaultConfigurationIsVisible = 0;
			defaultConfigurationName = Release;
		};
		2C5266642B112C24000CD2D5 /* Build configuration list for PBXNativeTarget "OwnStonks" */ = {
			isa = XCConfigurationList;
			buildConfigurations = (
				2C5266652B112C24000CD2D5 /* Debug */,
				2C5266662B112C24000CD2D5 /* Release */,
			);
			defaultConfigurationIsVisible = 0;
			defaultConfigurationName = Release;
		};
		2C76E5832B33731000C5F9A4 /* Build configuration list for PBXNativeTarget "OwnStonksDev" */ = {
			isa = XCConfigurationList;
			buildConfigurations = (
				2C76E5842B33731000C5F9A4 /* Debug */,
				2C76E5852B33731000C5F9A4 /* Release */,
			);
			defaultConfigurationIsVisible = 0;
			defaultConfigurationName = Release;
		};
/* End XCConfigurationList section */

/* Begin XCRemoteSwiftPackageReference section */
		2CC33C7C2B2A30AD0035ED02 /* XCRemoteSwiftPackageReference "KamaalSwift" */ = {
			isa = XCRemoteSwiftPackageReference;
			repositoryURL = "https://github.com/Kamaalio/KamaalSwift.git";
			requirement = {
				kind = upToNextMajorVersion;
				minimumVersion = 1.4.1;
			};
		};
/* End XCRemoteSwiftPackageReference section */

/* Begin XCSwiftPackageProductDependency section */
		2C080D742B2DF84D0082BAD1 /* ValutaConversion */ = {
			isa = XCSwiftPackageProductDependency;
			productName = ValutaConversion;
		};
		2C1AC2DE2B371CE30092BFB5 /* RemoteNotifcations */ = {
			isa = XCSwiftPackageProductDependency;
			productName = RemoteNotifcations;
		};
		2C1AC2E02B371CEA0092BFB5 /* RemoteNotifcations */ = {
			isa = XCSwiftPackageProductDependency;
			productName = RemoteNotifcations;
		};
		2C1AC2EC2B37293F0092BFB5 /* SharedUtils */ = {
			isa = XCSwiftPackageProductDependency;
			productName = SharedUtils;
		};
		2C1AC2EE2B3729550092BFB5 /* SharedUtils */ = {
			isa = XCSwiftPackageProductDependency;
			productName = SharedUtils;
		};
		2C5266712B113EE3000CD2D5 /* Navigation */ = {
			isa = XCSwiftPackageProductDependency;
			productName = Navigation;
		};
		2C76E5712B33731000C5F9A4 /* Navigation */ = {
			isa = XCSwiftPackageProductDependency;
			productName = Navigation;
		};
		2C76E5732B33731000C5F9A4 /* Transactions */ = {
			isa = XCSwiftPackageProductDependency;
			productName = Transactions;
		};
		2C76E5742B33731000C5F9A4 /* UserSettings */ = {
			isa = XCSwiftPackageProductDependency;
			productName = UserSettings;
		};
		2C76E5752B33731000C5F9A4 /* ValutaConversion */ = {
			isa = XCSwiftPackageProductDependency;
			productName = ValutaConversion;
		};
		2CAA428A2B26198E00D91B3E /* Transactions */ = {
			isa = XCSwiftPackageProductDependency;
			productName = Transactions;
		};
		2CC33C992B2A32880035ED02 /* UserSettings */ = {
			isa = XCSwiftPackageProductDependency;
			productName = UserSettings;
		};
/* End XCSwiftPackageProductDependency section */
	};
	rootObject = 2C52664B2B112C24000CD2D5 /* Project object */;
}
