// !$*UTF8*$!
{
	archiveVersion = 1;
	classes = {
	};
	objectVersion = 52;
	objects = {

/* Begin PBXBuildFile section */
		2C1486E8263EAFF9006EEB6B /* SalmonUI in Frameworks */ = {isa = PBXBuildFile; productRef = 2C1486E7263EAFF9006EEB6B /* SalmonUI */; };
		2C1486EA263EB03B006EEB6B /* SalmonUI in Frameworks */ = {isa = PBXBuildFile; productRef = 2C1486E9263EB03B006EEB6B /* SalmonUI */; };
		2C1486EE263EB1F2006EEB6B /* StonksUI in Frameworks */ = {isa = PBXBuildFile; productRef = 2C1486ED263EB1F2006EEB6B /* StonksUI */; };
		2C1486F0263EB1F9006EEB6B /* StonksUI in Frameworks */ = {isa = PBXBuildFile; productRef = 2C1486EF263EB1F9006EEB6B /* StonksUI */; };
		2C237FB62645442F00E59144 /* TransactionsGridView.swift in Sources */ = {isa = PBXBuildFile; fileRef = 2C237FB52645442F00E59144 /* TransactionsGridView.swift */; };
		2C237FB72645442F00E59144 /* TransactionsGridView.swift in Sources */ = {isa = PBXBuildFile; fileRef = 2C237FB52645442F00E59144 /* TransactionsGridView.swift */; };
		2C2EFC122639E82E00C05BE9 /* Tests_iOS.swift in Sources */ = {isa = PBXBuildFile; fileRef = 2C2EFC112639E82E00C05BE9 /* Tests_iOS.swift */; };
		2C2EFC1D2639E82E00C05BE9 /* Tests_macOS.swift in Sources */ = {isa = PBXBuildFile; fileRef = 2C2EFC1C2639E82E00C05BE9 /* Tests_macOS.swift */; };
		2C2EFC1F2639E82E00C05BE9 /* OwnStonksApp.swift in Sources */ = {isa = PBXBuildFile; fileRef = 2C2EFBF62639E82C00C05BE9 /* OwnStonksApp.swift */; };
		2C2EFC202639E82E00C05BE9 /* OwnStonksApp.swift in Sources */ = {isa = PBXBuildFile; fileRef = 2C2EFBF62639E82C00C05BE9 /* OwnStonksApp.swift */; };
		2C2EFC212639E82E00C05BE9 /* ContentView.swift in Sources */ = {isa = PBXBuildFile; fileRef = 2C2EFBF72639E82C00C05BE9 /* ContentView.swift */; };
		2C2EFC222639E82E00C05BE9 /* ContentView.swift in Sources */ = {isa = PBXBuildFile; fileRef = 2C2EFBF72639E82C00C05BE9 /* ContentView.swift */; };
		2C2EFC232639E82E00C05BE9 /* Assets.xcassets in Resources */ = {isa = PBXBuildFile; fileRef = 2C2EFBF82639E82E00C05BE9 /* Assets.xcassets */; };
		2C2EFC242639E82E00C05BE9 /* Assets.xcassets in Resources */ = {isa = PBXBuildFile; fileRef = 2C2EFBF82639E82E00C05BE9 /* Assets.xcassets */; };
		2C2FBD56263F4981001FC779 /* CloudDocs in Frameworks */ = {isa = PBXBuildFile; productRef = 2C2FBD55263F4981001FC779 /* CloudDocs */; };
		2C2FBD58263F498A001FC779 /* CloudDocs in Frameworks */ = {isa = PBXBuildFile; productRef = 2C2FBD57263F498A001FC779 /* CloudDocs */; };
		2C47EF612641D0E7008CD53B /* CoreTransaction+CoreDataClass.swift in Sources */ = {isa = PBXBuildFile; fileRef = 2C47EF5F2641D0E7008CD53B /* CoreTransaction+CoreDataClass.swift */; };
		2C47EF622641D0E7008CD53B /* CoreTransaction+CoreDataClass.swift in Sources */ = {isa = PBXBuildFile; fileRef = 2C47EF5F2641D0E7008CD53B /* CoreTransaction+CoreDataClass.swift */; };
		2C47EF632641D0E7008CD53B /* CoreTransaction+CoreDataProperties.swift in Sources */ = {isa = PBXBuildFile; fileRef = 2C47EF602641D0E7008CD53B /* CoreTransaction+CoreDataProperties.swift */; };
		2C47EF642641D0E7008CD53B /* CoreTransaction+CoreDataProperties.swift in Sources */ = {isa = PBXBuildFile; fileRef = 2C47EF602641D0E7008CD53B /* CoreTransaction+CoreDataProperties.swift */; };
		2C590B1F264099F900C6F48D /* AddTransactionScreen+ViewModel.swift in Sources */ = {isa = PBXBuildFile; fileRef = 2C590B1E264099F900C6F48D /* AddTransactionScreen+ViewModel.swift */; };
		2C590B20264099F900C6F48D /* AddTransactionScreen+ViewModel.swift in Sources */ = {isa = PBXBuildFile; fileRef = 2C590B1E264099F900C6F48D /* AddTransactionScreen+ViewModel.swift */; };
		2C7497BE263DBDE0001205EA /* AddTransactionScreen.swift in Sources */ = {isa = PBXBuildFile; fileRef = 2C7497BD263DBDE0001205EA /* AddTransactionScreen.swift */; };
		2C7497BF263DBDE0001205EA /* AddTransactionScreen.swift in Sources */ = {isa = PBXBuildFile; fileRef = 2C7497BD263DBDE0001205EA /* AddTransactionScreen.swift */; };
		2C7497C1263DC75B001205EA /* Constants.swift in Sources */ = {isa = PBXBuildFile; fileRef = 2C7497C0263DC75B001205EA /* Constants.swift */; };
		2C7497C2263DC75B001205EA /* Constants.swift in Sources */ = {isa = PBXBuildFile; fileRef = 2C7497C0263DC75B001205EA /* Constants.swift */; };
		2CE62CB1263D71560032E86B /* ShrimpExtensions in Frameworks */ = {isa = PBXBuildFile; productRef = 2CE62CB0263D71560032E86B /* ShrimpExtensions */; };
		2CE62CB8263D71630032E86B /* ShrimpExtensions in Frameworks */ = {isa = PBXBuildFile; productRef = 2CE62CB7263D71630032E86B /* ShrimpExtensions */; };
		60027D6A2640571B007B1EE9 /* CoreTransaction+extensions.swift in Sources */ = {isa = PBXBuildFile; fileRef = 60027D692640571B007B1EE9 /* CoreTransaction+extensions.swift */; };
		60027D6B2640571B007B1EE9 /* CoreTransaction+extensions.swift in Sources */ = {isa = PBXBuildFile; fileRef = 60027D692640571B007B1EE9 /* CoreTransaction+extensions.swift */; };
		60027D6D2640588E007B1EE9 /* StonksManager.swift in Sources */ = {isa = PBXBuildFile; fileRef = 60027D6C2640588E007B1EE9 /* StonksManager.swift */; };
		60027D6E2640588E007B1EE9 /* StonksManager.swift in Sources */ = {isa = PBXBuildFile; fileRef = 60027D6C2640588E007B1EE9 /* StonksManager.swift */; };
		601414D7263A88C10083D485 /* UIDevice+extensions.swift in Sources */ = {isa = PBXBuildFile; fileRef = 601414D6263A88C10083D485 /* UIDevice+extensions.swift */; };
		601414E8263A8A980083D485 /* PortfolioScreen.swift in Sources */ = {isa = PBXBuildFile; fileRef = 601414E7263A8A980083D485 /* PortfolioScreen.swift */; };
		601414E9263A8A980083D485 /* PortfolioScreen.swift in Sources */ = {isa = PBXBuildFile; fileRef = 601414E7263A8A980083D485 /* PortfolioScreen.swift */; };
		601414F4263A8AC20083D485 /* AppTabView.swift in Sources */ = {isa = PBXBuildFile; fileRef = 601414F3263A8AC20083D485 /* AppTabView.swift */; };
		601414FF263A8AEE0083D485 /* AppSidebar.swift in Sources */ = {isa = PBXBuildFile; fileRef = 601414FE263A8AEE0083D485 /* AppSidebar.swift */; };
		60141500263A8AEE0083D485 /* AppSidebar.swift in Sources */ = {isa = PBXBuildFile; fileRef = 601414FE263A8AEE0083D485 /* AppSidebar.swift */; };
		60141509263A8CFB0083D485 /* Navigator.swift in Sources */ = {isa = PBXBuildFile; fileRef = 60141508263A8CFB0083D485 /* Navigator.swift */; };
		6014150A263A8CFB0083D485 /* Navigator.swift in Sources */ = {isa = PBXBuildFile; fileRef = 60141508263A8CFB0083D485 /* Navigator.swift */; };
		60236BA52641AC4200A80B80 /* TransactionsScreen.swift in Sources */ = {isa = PBXBuildFile; fileRef = 60236BA42641AC4200A80B80 /* TransactionsScreen.swift */; };
		60236BA62641AC4200A80B80 /* TransactionsScreen.swift in Sources */ = {isa = PBXBuildFile; fileRef = 60236BA42641AC4200A80B80 /* TransactionsScreen.swift */; };
		6050FE11263FCDAC00819D92 /* PersistanceManager in Frameworks */ = {isa = PBXBuildFile; productRef = 6050FE10263FCDAC00819D92 /* PersistanceManager */; };
		6050FE13263FCDB700819D92 /* PersistanceManager in Frameworks */ = {isa = PBXBuildFile; productRef = 6050FE12263FCDB700819D92 /* PersistanceManager */; };
		6050FE15263FCDD700819D92 /* Persistence.swift in Sources */ = {isa = PBXBuildFile; fileRef = 6050FE14263FCDD700819D92 /* Persistence.swift */; };
		6050FE16263FCDD700819D92 /* Persistence.swift in Sources */ = {isa = PBXBuildFile; fileRef = 6050FE14263FCDD700819D92 /* Persistence.swift */; };
		6050FE19263FCE0D00819D92 /* ConsoleSwift in Frameworks */ = {isa = PBXBuildFile; productRef = 6050FE18263FCE0D00819D92 /* ConsoleSwift */; };
		6050FE1B263FCE1C00819D92 /* ConsoleSwift in Frameworks */ = {isa = PBXBuildFile; productRef = 6050FE1A263FCE1C00819D92 /* ConsoleSwift */; };
		6050FE1F263FCE9500819D92 /* OwnStonks.xcdatamodeld in Sources */ = {isa = PBXBuildFile; fileRef = 6050FE1D263FCE9500819D92 /* OwnStonks.xcdatamodeld */; };
		6050FE20263FCE9500819D92 /* OwnStonks.xcdatamodeld in Sources */ = {isa = PBXBuildFile; fileRef = 6050FE1D263FCE9500819D92 /* OwnStonks.xcdatamodeld */; };
		6057942C263D4F2E00EE2275 /* PortfolioGridView.swift in Sources */ = {isa = PBXBuildFile; fileRef = 6057942B263D4F2E00EE2275 /* PortfolioGridView.swift */; };
		6057942D263D4F2E00EE2275 /* PortfolioGridView.swift in Sources */ = {isa = PBXBuildFile; fileRef = 6057942B263D4F2E00EE2275 /* PortfolioGridView.swift */; };
		60599EBE264462C0008C06EF /* StonkGridCellData.swift in Sources */ = {isa = PBXBuildFile; fileRef = 60599EBD264462C0008C06EF /* StonkGridCellData.swift */; };
		60599EBF264462C0008C06EF /* StonkGridCellData.swift in Sources */ = {isa = PBXBuildFile; fileRef = 60599EBD264462C0008C06EF /* StonkGridCellData.swift */; };
		60CAC7152643C356008CD190 /* PortfolioItem.swift in Sources */ = {isa = PBXBuildFile; fileRef = 60CAC7142643C356008CD190 /* PortfolioItem.swift */; };
		60CAC7162643C356008CD190 /* PortfolioItem.swift in Sources */ = {isa = PBXBuildFile; fileRef = 60CAC7142643C356008CD190 /* PortfolioItem.swift */; };
/* End PBXBuildFile section */

/* Begin PBXContainerItemProxy section */
		2C2EFC0E2639E82E00C05BE9 /* PBXContainerItemProxy */ = {
			isa = PBXContainerItemProxy;
			containerPortal = 2C2EFBF12639E82B00C05BE9 /* Project object */;
			proxyType = 1;
			remoteGlobalIDString = 2C2EFBFC2639E82E00C05BE9;
			remoteInfo = "OwnStonks (iOS)";
		};
		2C2EFC192639E82E00C05BE9 /* PBXContainerItemProxy */ = {
			isa = PBXContainerItemProxy;
			containerPortal = 2C2EFBF12639E82B00C05BE9 /* Project object */;
			proxyType = 1;
			remoteGlobalIDString = 2C2EFC042639E82E00C05BE9;
			remoteInfo = "OwnStonks (macOS)";
		};
/* End PBXContainerItemProxy section */

/* Begin PBXFileReference section */
		2C1486EC263EB17D006EEB6B /* StonksUI */ = {isa = PBXFileReference; lastKnownFileType = folder; path = StonksUI; sourceTree = "<group>"; };
		2C237FB52645442F00E59144 /* TransactionsGridView.swift */ = {isa = PBXFileReference; fileEncoding = 4; lastKnownFileType = sourcecode.swift; path = TransactionsGridView.swift; sourceTree = "<group>"; };
		2C2EFBF62639E82C00C05BE9 /* OwnStonksApp.swift */ = {isa = PBXFileReference; lastKnownFileType = sourcecode.swift; path = OwnStonksApp.swift; sourceTree = "<group>"; };
		2C2EFBF72639E82C00C05BE9 /* ContentView.swift */ = {isa = PBXFileReference; lastKnownFileType = sourcecode.swift; path = ContentView.swift; sourceTree = "<group>"; };
		2C2EFBF82639E82E00C05BE9 /* Assets.xcassets */ = {isa = PBXFileReference; lastKnownFileType = folder.assetcatalog; path = Assets.xcassets; sourceTree = "<group>"; };
		2C2EFBFD2639E82E00C05BE9 /* OwnStonks.app */ = {isa = PBXFileReference; explicitFileType = wrapper.application; includeInIndex = 0; path = OwnStonks.app; sourceTree = BUILT_PRODUCTS_DIR; };
		2C2EFC002639E82E00C05BE9 /* Info.plist */ = {isa = PBXFileReference; lastKnownFileType = text.plist.xml; path = Info.plist; sourceTree = "<group>"; };
		2C2EFC052639E82E00C05BE9 /* OwnStonks.app */ = {isa = PBXFileReference; explicitFileType = wrapper.application; includeInIndex = 0; path = OwnStonks.app; sourceTree = BUILT_PRODUCTS_DIR; };
		2C2EFC072639E82E00C05BE9 /* Info.plist */ = {isa = PBXFileReference; lastKnownFileType = text.plist.xml; path = Info.plist; sourceTree = "<group>"; };
		2C2EFC082639E82E00C05BE9 /* macOS.entitlements */ = {isa = PBXFileReference; lastKnownFileType = text.plist.entitlements; path = macOS.entitlements; sourceTree = "<group>"; };
		2C2EFC0D2639E82E00C05BE9 /* Tests iOS.xctest */ = {isa = PBXFileReference; explicitFileType = wrapper.cfbundle; includeInIndex = 0; path = "Tests iOS.xctest"; sourceTree = BUILT_PRODUCTS_DIR; };
		2C2EFC112639E82E00C05BE9 /* Tests_iOS.swift */ = {isa = PBXFileReference; lastKnownFileType = sourcecode.swift; path = Tests_iOS.swift; sourceTree = "<group>"; };
		2C2EFC132639E82E00C05BE9 /* Info.plist */ = {isa = PBXFileReference; lastKnownFileType = text.plist.xml; path = Info.plist; sourceTree = "<group>"; };
		2C2EFC182639E82E00C05BE9 /* Tests macOS.xctest */ = {isa = PBXFileReference; explicitFileType = wrapper.cfbundle; includeInIndex = 0; path = "Tests macOS.xctest"; sourceTree = BUILT_PRODUCTS_DIR; };
		2C2EFC1C2639E82E00C05BE9 /* Tests_macOS.swift */ = {isa = PBXFileReference; lastKnownFileType = sourcecode.swift; path = Tests_macOS.swift; sourceTree = "<group>"; };
		2C2EFC1E2639E82E00C05BE9 /* Info.plist */ = {isa = PBXFileReference; lastKnownFileType = text.plist.xml; path = Info.plist; sourceTree = "<group>"; };
		2C45B7D32639F55B00D2075B /* LICENSE */ = {isa = PBXFileReference; lastKnownFileType = text; path = LICENSE; sourceTree = "<group>"; };
		2C45B7D42639F56700D2075B /* README.md */ = {isa = PBXFileReference; lastKnownFileType = net.daringfireball.markdown; path = README.md; sourceTree = "<group>"; };
		2C47EF5F2641D0E7008CD53B /* CoreTransaction+CoreDataClass.swift */ = {isa = PBXFileReference; lastKnownFileType = sourcecode.swift; path = "CoreTransaction+CoreDataClass.swift"; sourceTree = "<group>"; };
		2C47EF602641D0E7008CD53B /* CoreTransaction+CoreDataProperties.swift */ = {isa = PBXFileReference; lastKnownFileType = sourcecode.swift; path = "CoreTransaction+CoreDataProperties.swift"; sourceTree = "<group>"; };
		2C590B1E264099F900C6F48D /* AddTransactionScreen+ViewModel.swift */ = {isa = PBXFileReference; lastKnownFileType = sourcecode.swift; path = "AddTransactionScreen+ViewModel.swift"; sourceTree = "<group>"; };
		2C7497BD263DBDE0001205EA /* AddTransactionScreen.swift */ = {isa = PBXFileReference; lastKnownFileType = sourcecode.swift; path = AddTransactionScreen.swift; sourceTree = "<group>"; };
		2C7497C0263DC75B001205EA /* Constants.swift */ = {isa = PBXFileReference; lastKnownFileType = sourcecode.swift; path = Constants.swift; sourceTree = "<group>"; };
		2CF2F2042642F75700F8AF9E /* IDETemplteMacros.plist */ = {isa = PBXFileReference; lastKnownFileType = text.plist.xml; path = IDETemplteMacros.plist; sourceTree = "<group>"; };
		2CF2F20B2642FE3600F8AF9E /* generate_docs.sh */ = {isa = PBXFileReference; lastKnownFileType = text.script.sh; path = generate_docs.sh; sourceTree = "<group>"; };
		60027D692640571B007B1EE9 /* CoreTransaction+extensions.swift */ = {isa = PBXFileReference; lastKnownFileType = sourcecode.swift; path = "CoreTransaction+extensions.swift"; sourceTree = "<group>"; };
		60027D6C2640588E007B1EE9 /* StonksManager.swift */ = {isa = PBXFileReference; lastKnownFileType = sourcecode.swift; path = StonksManager.swift; sourceTree = "<group>"; };
		601414D6263A88C10083D485 /* UIDevice+extensions.swift */ = {isa = PBXFileReference; lastKnownFileType = sourcecode.swift; path = "UIDevice+extensions.swift"; sourceTree = "<group>"; };
		601414E7263A8A980083D485 /* PortfolioScreen.swift */ = {isa = PBXFileReference; lastKnownFileType = sourcecode.swift; path = PortfolioScreen.swift; sourceTree = "<group>"; };
		601414F3263A8AC20083D485 /* AppTabView.swift */ = {isa = PBXFileReference; lastKnownFileType = sourcecode.swift; path = AppTabView.swift; sourceTree = "<group>"; };
		601414FE263A8AEE0083D485 /* AppSidebar.swift */ = {isa = PBXFileReference; lastKnownFileType = sourcecode.swift; path = AppSidebar.swift; sourceTree = "<group>"; };
		60141508263A8CFB0083D485 /* Navigator.swift */ = {isa = PBXFileReference; lastKnownFileType = sourcecode.swift; path = Navigator.swift; sourceTree = "<group>"; };
		60236BA42641AC4200A80B80 /* TransactionsScreen.swift */ = {isa = PBXFileReference; lastKnownFileType = sourcecode.swift; path = TransactionsScreen.swift; sourceTree = "<group>"; };
		603EE1C42641231600756FE1 /* clear_mac_data.sh */ = {isa = PBXFileReference; lastKnownFileType = text.script.sh; path = clear_mac_data.sh; sourceTree = "<group>"; };
		603EE1C5264125BF00756FE1 /* pre_compile.sh */ = {isa = PBXFileReference; lastKnownFileType = text.script.sh; path = pre_compile.sh; sourceTree = "<group>"; };
		6050FE14263FCDD700819D92 /* Persistence.swift */ = {isa = PBXFileReference; lastKnownFileType = sourcecode.swift; path = Persistence.swift; sourceTree = "<group>"; };
		6050FE1E263FCE9500819D92 /* OwnStocks.xcdatamodel */ = {isa = PBXFileReference; lastKnownFileType = wrapper.xcdatamodel; path = OwnStocks.xcdatamodel; sourceTree = "<group>"; };
		6057942B263D4F2E00EE2275 /* PortfolioGridView.swift */ = {isa = PBXFileReference; lastKnownFileType = sourcecode.swift; path = PortfolioGridView.swift; sourceTree = "<group>"; };
		60599EBD264462C0008C06EF /* StonkGridCellData.swift */ = {isa = PBXFileReference; lastKnownFileType = sourcecode.swift; path = StonkGridCellData.swift; sourceTree = "<group>"; };
		60CAC7142643C356008CD190 /* PortfolioItem.swift */ = {isa = PBXFileReference; lastKnownFileType = sourcecode.swift; path = PortfolioItem.swift; sourceTree = "<group>"; };
/* End PBXFileReference section */

/* Begin PBXFrameworksBuildPhase section */
		2C2EFBFA2639E82E00C05BE9 /* Frameworks */ = {
			isa = PBXFrameworksBuildPhase;
			buildActionMask = 2147483647;
			files = (
				2C1486F0263EB1F9006EEB6B /* StonksUI in Frameworks */,
				6050FE11263FCDAC00819D92 /* PersistanceManager in Frameworks */,
				6050FE19263FCE0D00819D92 /* ConsoleSwift in Frameworks */,
				2C2FBD56263F4981001FC779 /* CloudDocs in Frameworks */,
				2C1486E8263EAFF9006EEB6B /* SalmonUI in Frameworks */,
				2CE62CB1263D71560032E86B /* ShrimpExtensions in Frameworks */,
			);
			runOnlyForDeploymentPostprocessing = 0;
		};
		2C2EFC022639E82E00C05BE9 /* Frameworks */ = {
			isa = PBXFrameworksBuildPhase;
			buildActionMask = 2147483647;
			files = (
				2C1486EE263EB1F2006EEB6B /* StonksUI in Frameworks */,
				6050FE13263FCDB700819D92 /* PersistanceManager in Frameworks */,
				6050FE1B263FCE1C00819D92 /* ConsoleSwift in Frameworks */,
				2C2FBD58263F498A001FC779 /* CloudDocs in Frameworks */,
				2C1486EA263EB03B006EEB6B /* SalmonUI in Frameworks */,
				2CE62CB8263D71630032E86B /* ShrimpExtensions in Frameworks */,
			);
			runOnlyForDeploymentPostprocessing = 0;
		};
		2C2EFC0A2639E82E00C05BE9 /* Frameworks */ = {
			isa = PBXFrameworksBuildPhase;
			buildActionMask = 2147483647;
			files = (
			);
			runOnlyForDeploymentPostprocessing = 0;
		};
		2C2EFC152639E82E00C05BE9 /* Frameworks */ = {
			isa = PBXFrameworksBuildPhase;
			buildActionMask = 2147483647;
			files = (
			);
			runOnlyForDeploymentPostprocessing = 0;
		};
/* End PBXFrameworksBuildPhase section */

/* Begin PBXGroup section */
		2C1486EB263EB142006EEB6B /* Packages */ = {
			isa = PBXGroup;
			children = (
				2C1486EC263EB17D006EEB6B /* StonksUI */,
			);
			path = Packages;
			sourceTree = "<group>";
		};
		2C237FB42645442F00E59144 /* Transactions */ = {
			isa = PBXGroup;
			children = (
				2C237FB52645442F00E59144 /* TransactionsGridView.swift */,
			);
			path = Transactions;
			sourceTree = "<group>";
		};
		2C2EFBF02639E82B00C05BE9 = {
			isa = PBXGroup;
			children = (
				2CF2F2042642F75700F8AF9E /* IDETemplteMacros.plist */,
				2C45B7D32639F55B00D2075B /* LICENSE */,
				2C45B7D42639F56700D2075B /* README.md */,
				2CE62CB6263D71630032E86B /* Frameworks */,
				2C1486EB263EB142006EEB6B /* Packages */,
				2C2EFBFE2639E82E00C05BE9 /* Products */,
				603EE1C3264122EE00756FE1 /* Scripts */,
				2C2EFBF52639E82C00C05BE9 /* Shared */,
				2C45B7B92639F30A00D2075B /* Targets */,
				2C45B7C22639F35900D2075B /* Tests */,
			);
			sourceTree = "<group>";
		};
		2C2EFBF52639E82C00C05BE9 /* Shared */ = {
			isa = PBXGroup;
			children = (
				2C7497C0263DC75B001205EA /* Constants.swift */,
				2C2EFBF72639E82C00C05BE9 /* ContentView.swift */,
				2C2EFBF62639E82C00C05BE9 /* OwnStonksApp.swift */,
				2C2EFBF82639E82E00C05BE9 /* Assets.xcassets */,
				601414D5263A88A40083D485 /* Extensions */,
				60141505263A8CBE0083D485 /* Models */,
				6050FE0E263FCD6700819D92 /* Utilities */,
				601414E5263A8A780083D485 /* Views */,
			);
			path = Shared;
			sourceTree = "<group>";
		};
		2C2EFBFE2639E82E00C05BE9 /* Products */ = {
			isa = PBXGroup;
			children = (
				2C2EFBFD2639E82E00C05BE9 /* OwnStonks.app */,
				2C2EFC052639E82E00C05BE9 /* OwnStonks.app */,
				2C2EFC0D2639E82E00C05BE9 /* Tests iOS.xctest */,
				2C2EFC182639E82E00C05BE9 /* Tests macOS.xctest */,
			);
			name = Products;
			sourceTree = "<group>";
		};
		2C2EFBFF2639E82E00C05BE9 /* iOS */ = {
			isa = PBXGroup;
			children = (
				2C2EFC002639E82E00C05BE9 /* Info.plist */,
			);
			path = iOS;
			sourceTree = "<group>";
		};
		2C2EFC062639E82E00C05BE9 /* macOS */ = {
			isa = PBXGroup;
			children = (
				2C2EFC072639E82E00C05BE9 /* Info.plist */,
				2C2EFC082639E82E00C05BE9 /* macOS.entitlements */,
			);
			path = macOS;
			sourceTree = "<group>";
		};
		2C2EFC102639E82E00C05BE9 /* iOS */ = {
			isa = PBXGroup;
			children = (
				2C2EFC112639E82E00C05BE9 /* Tests_iOS.swift */,
				2C2EFC132639E82E00C05BE9 /* Info.plist */,
			);
			path = iOS;
			sourceTree = "<group>";
		};
		2C2EFC1B2639E82E00C05BE9 /* macOS */ = {
			isa = PBXGroup;
			children = (
				2C2EFC1C2639E82E00C05BE9 /* Tests_macOS.swift */,
				2C2EFC1E2639E82E00C05BE9 /* Info.plist */,
			);
			path = macOS;
			sourceTree = "<group>";
		};
		2C45B7B92639F30A00D2075B /* Targets */ = {
			isa = PBXGroup;
			children = (
				2C2EFC062639E82E00C05BE9 /* macOS */,
				2C2EFBFF2639E82E00C05BE9 /* iOS */,
			);
			path = Targets;
			sourceTree = "<group>";
		};
		2C45B7C22639F35900D2075B /* Tests */ = {
			isa = PBXGroup;
			children = (
				2C2EFC1B2639E82E00C05BE9 /* macOS */,
				2C2EFC102639E82E00C05BE9 /* iOS */,
			);
			path = Tests;
			sourceTree = "<group>";
		};
		2C590B1D264099E100C6F48D /* Screens */ = {
			isa = PBXGroup;
			children = (
				2C590B1E264099F900C6F48D /* AddTransactionScreen+ViewModel.swift */,
			);
			path = Screens;
			sourceTree = "<group>";
		};
		2CE62CB6263D71630032E86B /* Frameworks */ = {
			isa = PBXGroup;
			children = (
			);
			name = Frameworks;
			sourceTree = "<group>";
		};
		60027D68264056E7007B1EE9 /* CoreData */ = {
			isa = PBXGroup;
			children = (
				60027D692640571B007B1EE9 /* CoreTransaction+extensions.swift */,
			);
			path = CoreData;
			sourceTree = "<group>";
		};
		601414D5263A88A40083D485 /* Extensions */ = {
			isa = PBXGroup;
			children = (
				60027D68264056E7007B1EE9 /* CoreData */,
				601414D6263A88C10083D485 /* UIDevice+extensions.swift */,
			);
			path = Extensions;
			sourceTree = "<group>";
		};
		601414E5263A8A780083D485 /* Views */ = {
			isa = PBXGroup;
			children = (
				601414E6263A8A850083D485 /* Screens */,
				601414F2263A8AA70083D485 /* SupportingViews */,
			);
			path = Views;
			sourceTree = "<group>";
		};
		601414E6263A8A850083D485 /* Screens */ = {
			isa = PBXGroup;
			children = (
				2C7497BD263DBDE0001205EA /* AddTransactionScreen.swift */,
				601414E7263A8A980083D485 /* PortfolioScreen.swift */,
				60236BA42641AC4200A80B80 /* TransactionsScreen.swift */,
			);
			path = Screens;
			sourceTree = "<group>";
		};
		601414F2263A8AA70083D485 /* SupportingViews */ = {
			isa = PBXGroup;
			children = (
				601414FE263A8AEE0083D485 /* AppSidebar.swift */,
				601414F3263A8AC20083D485 /* AppTabView.swift */,
				6057942A263D4F1700EE2275 /* Portfolio */,
				2C237FB42645442F00E59144 /* Transactions */,
			);
			path = SupportingViews;
			sourceTree = "<group>";
		};
		60141505263A8CBE0083D485 /* Models */ = {
			isa = PBXGroup;
			children = (
				60CAC7132643C32F008CD190 /* Structs */,
				6050FE1C263FCE7500819D92 /* CoreData */,
				60141506263A8CD40083D485 /* ViewModels */,
			);
			path = Models;
			sourceTree = "<group>";
		};
		60141506263A8CD40083D485 /* ViewModels */ = {
			isa = PBXGroup;
			children = (
				2C590B1D264099E100C6F48D /* Screens */,
				60141507263A8CDB0083D485 /* Enviroment */,
			);
			path = ViewModels;
			sourceTree = "<group>";
		};
		60141507263A8CDB0083D485 /* Enviroment */ = {
			isa = PBXGroup;
			children = (
				60141508263A8CFB0083D485 /* Navigator.swift */,
				60027D6C2640588E007B1EE9 /* StonksManager.swift */,
			);
			path = Enviroment;
			sourceTree = "<group>";
		};
		603EE1C3264122EE00756FE1 /* Scripts */ = {
			isa = PBXGroup;
			children = (
				603EE1C42641231600756FE1 /* clear_mac_data.sh */,
				603EE1C5264125BF00756FE1 /* pre_compile.sh */,
				2CF2F20B2642FE3600F8AF9E /* generate_docs.sh */,
			);
			path = Scripts;
			sourceTree = "<group>";
		};
		6050FE0E263FCD6700819D92 /* Utilities */ = {
			isa = PBXGroup;
			children = (
				6050FE14263FCDD700819D92 /* Persistence.swift */,
			);
			path = Utilities;
			sourceTree = "<group>";
		};
		6050FE1C263FCE7500819D92 /* CoreData */ = {
			isa = PBXGroup;
			children = (
				6050FE21263FD03700819D92 /* CoreTransaction */,
				6050FE1D263FCE9500819D92 /* OwnStonks.xcdatamodeld */,
			);
			path = CoreData;
			sourceTree = "<group>";
		};
		6050FE21263FD03700819D92 /* CoreTransaction */ = {
			isa = PBXGroup;
			children = (
				2C47EF5F2641D0E7008CD53B /* CoreTransaction+CoreDataClass.swift */,
				2C47EF602641D0E7008CD53B /* CoreTransaction+CoreDataProperties.swift */,
			);
			path = CoreTransaction;
			sourceTree = "<group>";
		};
		6057942A263D4F1700EE2275 /* Portfolio */ = {
			isa = PBXGroup;
			children = (
				6057942B263D4F2E00EE2275 /* PortfolioGridView.swift */,
			);
			path = Portfolio;
			sourceTree = "<group>";
		};
		60CAC7132643C32F008CD190 /* Structs */ = {
			isa = PBXGroup;
			children = (
				60CAC7142643C356008CD190 /* PortfolioItem.swift */,
				60599EBD264462C0008C06EF /* StonkGridCellData.swift */,
			);
			path = Structs;
			sourceTree = "<group>";
		};
/* End PBXGroup section */

/* Begin PBXNativeTarget section */
		2C2EFBFC2639E82E00C05BE9 /* OwnStonks (iOS) */ = {
			isa = PBXNativeTarget;
			buildConfigurationList = 2C2EFC272639E82E00C05BE9 /* Build configuration list for PBXNativeTarget "OwnStonks (iOS)" */;
			buildPhases = (
				603EE1C72641260300756FE1 /* Pre Compile */,
				2C2EFBF92639E82E00C05BE9 /* Sources */,
				2C2EFBFA2639E82E00C05BE9 /* Frameworks */,
				2C2EFBFB2639E82E00C05BE9 /* Resources */,
			);
			buildRules = (
			);
			dependencies = (
			);
			name = "OwnStonks (iOS)";
			packageProductDependencies = (
				2CE62CB0263D71560032E86B /* ShrimpExtensions */,
				2C1486E7263EAFF9006EEB6B /* SalmonUI */,
				2C1486EF263EB1F9006EEB6B /* StonksUI */,
				2C2FBD55263F4981001FC779 /* CloudDocs */,
				6050FE10263FCDAC00819D92 /* PersistanceManager */,
				6050FE18263FCE0D00819D92 /* ConsoleSwift */,
			);
			productName = "OwnStonks (iOS)";
			productReference = 2C2EFBFD2639E82E00C05BE9 /* OwnStonks.app */;
			productType = "com.apple.product-type.application";
		};
		2C2EFC042639E82E00C05BE9 /* OwnStonks (macOS) */ = {
			isa = PBXNativeTarget;
			buildConfigurationList = 2C2EFC2A2639E82E00C05BE9 /* Build configuration list for PBXNativeTarget "OwnStonks (macOS)" */;
			buildPhases = (
				603EE1C6264125DD00756FE1 /* Pre Compile */,
				2C2EFC012639E82E00C05BE9 /* Sources */,
				2C2EFC022639E82E00C05BE9 /* Frameworks */,
				2C2EFC032639E82E00C05BE9 /* Resources */,
			);
			buildRules = (
			);
			dependencies = (
			);
			name = "OwnStonks (macOS)";
			packageProductDependencies = (
				2CE62CB7263D71630032E86B /* ShrimpExtensions */,
				2C1486E9263EB03B006EEB6B /* SalmonUI */,
				2C1486ED263EB1F2006EEB6B /* StonksUI */,
				2C2FBD57263F498A001FC779 /* CloudDocs */,
				6050FE12263FCDB700819D92 /* PersistanceManager */,
				6050FE1A263FCE1C00819D92 /* ConsoleSwift */,
			);
			productName = "OwnStonks (macOS)";
			productReference = 2C2EFC052639E82E00C05BE9 /* OwnStonks.app */;
			productType = "com.apple.product-type.application";
		};
		2C2EFC0C2639E82E00C05BE9 /* Tests iOS */ = {
			isa = PBXNativeTarget;
			buildConfigurationList = 2C2EFC2D2639E82E00C05BE9 /* Build configuration list for PBXNativeTarget "Tests iOS" */;
			buildPhases = (
				2C2EFC092639E82E00C05BE9 /* Sources */,
				2C2EFC0A2639E82E00C05BE9 /* Frameworks */,
				2C2EFC0B2639E82E00C05BE9 /* Resources */,
			);
			buildRules = (
			);
			dependencies = (
				2C2EFC0F2639E82E00C05BE9 /* PBXTargetDependency */,
			);
			name = "Tests iOS";
			productName = "Tests iOS";
			productReference = 2C2EFC0D2639E82E00C05BE9 /* Tests iOS.xctest */;
			productType = "com.apple.product-type.bundle.ui-testing";
		};
		2C2EFC172639E82E00C05BE9 /* Tests macOS */ = {
			isa = PBXNativeTarget;
			buildConfigurationList = 2C2EFC302639E82E00C05BE9 /* Build configuration list for PBXNativeTarget "Tests macOS" */;
			buildPhases = (
				2C2EFC142639E82E00C05BE9 /* Sources */,
				2C2EFC152639E82E00C05BE9 /* Frameworks */,
				2C2EFC162639E82E00C05BE9 /* Resources */,
			);
			buildRules = (
			);
			dependencies = (
				2C2EFC1A2639E82E00C05BE9 /* PBXTargetDependency */,
			);
			name = "Tests macOS";
			productName = "Tests macOS";
			productReference = 2C2EFC182639E82E00C05BE9 /* Tests macOS.xctest */;
			productType = "com.apple.product-type.bundle.ui-testing";
		};
/* End PBXNativeTarget section */

/* Begin PBXProject section */
		2C2EFBF12639E82B00C05BE9 /* Project object */ = {
			isa = PBXProject;
			attributes = {
				LastSwiftUpdateCheck = 1240;
				LastUpgradeCheck = 1250;
				ORGANIZATIONNAME = "Kamaal Farah";
				TargetAttributes = {
					2C2EFBFC2639E82E00C05BE9 = {
						CreatedOnToolsVersion = 12.4;
					};
					2C2EFC042639E82E00C05BE9 = {
						CreatedOnToolsVersion = 12.4;
					};
					2C2EFC0C2639E82E00C05BE9 = {
						CreatedOnToolsVersion = 12.4;
						TestTargetID = 2C2EFBFC2639E82E00C05BE9;
					};
					2C2EFC172639E82E00C05BE9 = {
						CreatedOnToolsVersion = 12.4;
						TestTargetID = 2C2EFC042639E82E00C05BE9;
					};
				};
			};
			buildConfigurationList = 2C2EFBF42639E82B00C05BE9 /* Build configuration list for PBXProject "OwnStonks" */;
			compatibilityVersion = "Xcode 9.3";
			developmentRegion = en;
			hasScannedForEncodings = 0;
			knownRegions = (
				en,
				Base,
			);
			mainGroup = 2C2EFBF02639E82B00C05BE9;
			packageReferences = (
				2CE62CAF263D71560032E86B /* XCRemoteSwiftPackageReference "ShrimpExtensions" */,
				2C1486E6263EAFF9006EEB6B /* XCRemoteSwiftPackageReference "SalmonUI" */,
				2C2FBD54263F4981001FC779 /* XCRemoteSwiftPackageReference "CloudDocs" */,
				6050FE0F263FCDAC00819D92 /* XCRemoteSwiftPackageReference "PersistanceManager" */,
				6050FE17263FCE0D00819D92 /* XCRemoteSwiftPackageReference "ConsoleSwift" */,
			);
			productRefGroup = 2C2EFBFE2639E82E00C05BE9 /* Products */;
			projectDirPath = "";
			projectRoot = "";
			targets = (
				2C2EFBFC2639E82E00C05BE9 /* OwnStonks (iOS) */,
				2C2EFC042639E82E00C05BE9 /* OwnStonks (macOS) */,
				2C2EFC0C2639E82E00C05BE9 /* Tests iOS */,
				2C2EFC172639E82E00C05BE9 /* Tests macOS */,
			);
		};
/* End PBXProject section */

/* Begin PBXResourcesBuildPhase section */
		2C2EFBFB2639E82E00C05BE9 /* Resources */ = {
			isa = PBXResourcesBuildPhase;
			buildActionMask = 2147483647;
			files = (
				2C2EFC232639E82E00C05BE9 /* Assets.xcassets in Resources */,
			);
			runOnlyForDeploymentPostprocessing = 0;
		};
		2C2EFC032639E82E00C05BE9 /* Resources */ = {
			isa = PBXResourcesBuildPhase;
			buildActionMask = 2147483647;
			files = (
				2C2EFC242639E82E00C05BE9 /* Assets.xcassets in Resources */,
			);
			runOnlyForDeploymentPostprocessing = 0;
		};
		2C2EFC0B2639E82E00C05BE9 /* Resources */ = {
			isa = PBXResourcesBuildPhase;
			buildActionMask = 2147483647;
			files = (
			);
			runOnlyForDeploymentPostprocessing = 0;
		};
		2C2EFC162639E82E00C05BE9 /* Resources */ = {
			isa = PBXResourcesBuildPhase;
			buildActionMask = 2147483647;
			files = (
			);
			runOnlyForDeploymentPostprocessing = 0;
		};
/* End PBXResourcesBuildPhase section */

/* Begin PBXShellScriptBuildPhase section */
		603EE1C6264125DD00756FE1 /* Pre Compile */ = {
			isa = PBXShellScriptBuildPhase;
			buildActionMask = 2147483647;
			files = (
			);
			inputFileListPaths = (
			);
			inputPaths = (
			);
			name = "Pre Compile";
			outputFileListPaths = (
			);
			outputPaths = (
			);
			runOnlyForDeploymentPostprocessing = 0;
			shellPath = /bin/sh;
			shellScript = "\nsh Scripts/pre_compile.sh\n";
		};
		603EE1C72641260300756FE1 /* Pre Compile */ = {
			isa = PBXShellScriptBuildPhase;
			buildActionMask = 2147483647;
			files = (
			);
			inputFileListPaths = (
			);
			inputPaths = (
			);
			name = "Pre Compile";
			outputFileListPaths = (
			);
			outputPaths = (
			);
			runOnlyForDeploymentPostprocessing = 0;
			shellPath = /bin/sh;
			shellScript = "\nsh Scripts/pre_compile.sh\n";
		};
/* End PBXShellScriptBuildPhase section */

/* Begin PBXSourcesBuildPhase section */
		2C2EFBF92639E82E00C05BE9 /* Sources */ = {
			isa = PBXSourcesBuildPhase;
			buildActionMask = 2147483647;
			files = (
				2C7497BE263DBDE0001205EA /* AddTransactionScreen.swift in Sources */,
				2C47EF612641D0E7008CD53B /* CoreTransaction+CoreDataClass.swift in Sources */,
				60141509263A8CFB0083D485 /* Navigator.swift in Sources */,
				60027D6D2640588E007B1EE9 /* StonksManager.swift in Sources */,
				601414E8263A8A980083D485 /* PortfolioScreen.swift in Sources */,
				60599EBE264462C0008C06EF /* StonkGridCellData.swift in Sources */,
				2C2EFC212639E82E00C05BE9 /* ContentView.swift in Sources */,
				601414FF263A8AEE0083D485 /* AppSidebar.swift in Sources */,
				2C47EF632641D0E7008CD53B /* CoreTransaction+CoreDataProperties.swift in Sources */,
				2C7497C1263DC75B001205EA /* Constants.swift in Sources */,
				601414D7263A88C10083D485 /* UIDevice+extensions.swift in Sources */,
				6050FE1F263FCE9500819D92 /* OwnStonks.xcdatamodeld in Sources */,
				60027D6A2640571B007B1EE9 /* CoreTransaction+extensions.swift in Sources */,
				60236BA52641AC4200A80B80 /* TransactionsScreen.swift in Sources */,
				2C2EFC1F2639E82E00C05BE9 /* OwnStonksApp.swift in Sources */,
				2C237FB62645442F00E59144 /* TransactionsGridView.swift in Sources */,
				60CAC7152643C356008CD190 /* PortfolioItem.swift in Sources */,
				601414F4263A8AC20083D485 /* AppTabView.swift in Sources */,
				6050FE15263FCDD700819D92 /* Persistence.swift in Sources */,
				6057942C263D4F2E00EE2275 /* PortfolioGridView.swift in Sources */,
				2C590B1F264099F900C6F48D /* AddTransactionScreen+ViewModel.swift in Sources */,
			);
			runOnlyForDeploymentPostprocessing = 0;
		};
		2C2EFC012639E82E00C05BE9 /* Sources */ = {
			isa = PBXSourcesBuildPhase;
			buildActionMask = 2147483647;
			files = (
				6050FE16263FCDD700819D92 /* Persistence.swift in Sources */,
				2C2EFC222639E82E00C05BE9 /* ContentView.swift in Sources */,
				2C2EFC202639E82E00C05BE9 /* OwnStonksApp.swift in Sources */,
				601414E9263A8A980083D485 /* PortfolioScreen.swift in Sources */,
				6050FE20263FCE9500819D92 /* OwnStonks.xcdatamodeld in Sources */,
				2C237FB72645442F00E59144 /* TransactionsGridView.swift in Sources */,
				60027D6E2640588E007B1EE9 /* StonksManager.swift in Sources */,
				60027D6B2640571B007B1EE9 /* CoreTransaction+extensions.swift in Sources */,
				60141500263A8AEE0083D485 /* AppSidebar.swift in Sources */,
				60236BA62641AC4200A80B80 /* TransactionsScreen.swift in Sources */,
				2C47EF622641D0E7008CD53B /* CoreTransaction+CoreDataClass.swift in Sources */,
				6014150A263A8CFB0083D485 /* Navigator.swift in Sources */,
				6057942D263D4F2E00EE2275 /* PortfolioGridView.swift in Sources */,
				2C590B20264099F900C6F48D /* AddTransactionScreen+ViewModel.swift in Sources */,
				60599EBF264462C0008C06EF /* StonkGridCellData.swift in Sources */,
				60CAC7162643C356008CD190 /* PortfolioItem.swift in Sources */,
				2C47EF642641D0E7008CD53B /* CoreTransaction+CoreDataProperties.swift in Sources */,
				2C7497BF263DBDE0001205EA /* AddTransactionScreen.swift in Sources */,
				2C7497C2263DC75B001205EA /* Constants.swift in Sources */,
			);
			runOnlyForDeploymentPostprocessing = 0;
		};
		2C2EFC092639E82E00C05BE9 /* Sources */ = {
			isa = PBXSourcesBuildPhase;
			buildActionMask = 2147483647;
			files = (
				2C2EFC122639E82E00C05BE9 /* Tests_iOS.swift in Sources */,
			);
			runOnlyForDeploymentPostprocessing = 0;
		};
		2C2EFC142639E82E00C05BE9 /* Sources */ = {
			isa = PBXSourcesBuildPhase;
			buildActionMask = 2147483647;
			files = (
				2C2EFC1D2639E82E00C05BE9 /* Tests_macOS.swift in Sources */,
			);
			runOnlyForDeploymentPostprocessing = 0;
		};
/* End PBXSourcesBuildPhase section */

/* Begin PBXTargetDependency section */
		2C2EFC0F2639E82E00C05BE9 /* PBXTargetDependency */ = {
			isa = PBXTargetDependency;
			target = 2C2EFBFC2639E82E00C05BE9 /* OwnStonks (iOS) */;
			targetProxy = 2C2EFC0E2639E82E00C05BE9 /* PBXContainerItemProxy */;
		};
		2C2EFC1A2639E82E00C05BE9 /* PBXTargetDependency */ = {
			isa = PBXTargetDependency;
			target = 2C2EFC042639E82E00C05BE9 /* OwnStonks (macOS) */;
			targetProxy = 2C2EFC192639E82E00C05BE9 /* PBXContainerItemProxy */;
		};
/* End PBXTargetDependency section */

/* Begin XCBuildConfiguration section */
		2C2EFC252639E82E00C05BE9 /* Debug */ = {
			isa = XCBuildConfiguration;
			buildSettings = {
				ALWAYS_SEARCH_USER_PATHS = NO;
				CLANG_ANALYZER_NONNULL = YES;
				CLANG_ANALYZER_NUMBER_OBJECT_CONVERSION = YES_AGGRESSIVE;
				CLANG_CXX_LANGUAGE_STANDARD = "gnu++14";
				CLANG_CXX_LIBRARY = "libc++";
				CLANG_ENABLE_MODULES = YES;
				CLANG_ENABLE_OBJC_ARC = YES;
				CLANG_ENABLE_OBJC_WEAK = YES;
				CLANG_WARN_BLOCK_CAPTURE_AUTORELEASING = YES;
				CLANG_WARN_BOOL_CONVERSION = YES;
				CLANG_WARN_COMMA = YES;
				CLANG_WARN_CONSTANT_CONVERSION = YES;
				CLANG_WARN_DEPRECATED_OBJC_IMPLEMENTATIONS = YES;
				CLANG_WARN_DIRECT_OBJC_ISA_USAGE = YES_ERROR;
				CLANG_WARN_DOCUMENTATION_COMMENTS = YES;
				CLANG_WARN_EMPTY_BODY = YES;
				CLANG_WARN_ENUM_CONVERSION = YES;
				CLANG_WARN_INFINITE_RECURSION = YES;
				CLANG_WARN_INT_CONVERSION = YES;
				CLANG_WARN_NON_LITERAL_NULL_CONVERSION = YES;
				CLANG_WARN_OBJC_IMPLICIT_RETAIN_SELF = YES;
				CLANG_WARN_OBJC_LITERAL_CONVERSION = YES;
				CLANG_WARN_OBJC_ROOT_CLASS = YES_ERROR;
				CLANG_WARN_QUOTED_INCLUDE_IN_FRAMEWORK_HEADER = YES;
				CLANG_WARN_RANGE_LOOP_ANALYSIS = YES;
				CLANG_WARN_STRICT_PROTOTYPES = YES;
				CLANG_WARN_SUSPICIOUS_MOVE = YES;
				CLANG_WARN_UNGUARDED_AVAILABILITY = YES_AGGRESSIVE;
				CLANG_WARN_UNREACHABLE_CODE = YES;
				CLANG_WARN__DUPLICATE_METHOD_MATCH = YES;
				COPY_PHASE_STRIP = NO;
				DEBUG_INFORMATION_FORMAT = dwarf;
				ENABLE_STRICT_OBJC_MSGSEND = YES;
				ENABLE_TESTABILITY = YES;
				GCC_C_LANGUAGE_STANDARD = gnu11;
				GCC_DYNAMIC_NO_PIC = NO;
				GCC_NO_COMMON_BLOCKS = YES;
				GCC_OPTIMIZATION_LEVEL = 0;
				GCC_PREPROCESSOR_DEFINITIONS = (
					"DEBUG=1",
					"$(inherited)",
				);
				GCC_WARN_64_TO_32_BIT_CONVERSION = YES;
				GCC_WARN_ABOUT_RETURN_TYPE = YES_ERROR;
				GCC_WARN_UNDECLARED_SELECTOR = YES;
				GCC_WARN_UNINITIALIZED_AUTOS = YES_AGGRESSIVE;
				GCC_WARN_UNUSED_FUNCTION = YES;
				GCC_WARN_UNUSED_VARIABLE = YES;
				IPHONEOS_DEPLOYMENT_TARGET = 14.1;
				MACOSX_DEPLOYMENT_TARGET = 11.0;
				MTL_ENABLE_DEBUG_INFO = INCLUDE_SOURCE;
				MTL_FAST_MATH = YES;
				ONLY_ACTIVE_ARCH = YES;
				SWIFT_ACTIVE_COMPILATION_CONDITIONS = DEBUG;
				SWIFT_OPTIMIZATION_LEVEL = "-Onone";
			};
			name = Debug;
		};
		2C2EFC262639E82E00C05BE9 /* Release */ = {
			isa = XCBuildConfiguration;
			buildSettings = {
				ALWAYS_SEARCH_USER_PATHS = NO;
				CLANG_ANALYZER_NONNULL = YES;
				CLANG_ANALYZER_NUMBER_OBJECT_CONVERSION = YES_AGGRESSIVE;
				CLANG_CXX_LANGUAGE_STANDARD = "gnu++14";
				CLANG_CXX_LIBRARY = "libc++";
				CLANG_ENABLE_MODULES = YES;
				CLANG_ENABLE_OBJC_ARC = YES;
				CLANG_ENABLE_OBJC_WEAK = YES;
				CLANG_WARN_BLOCK_CAPTURE_AUTORELEASING = YES;
				CLANG_WARN_BOOL_CONVERSION = YES;
				CLANG_WARN_COMMA = YES;
				CLANG_WARN_CONSTANT_CONVERSION = YES;
				CLANG_WARN_DEPRECATED_OBJC_IMPLEMENTATIONS = YES;
				CLANG_WARN_DIRECT_OBJC_ISA_USAGE = YES_ERROR;
				CLANG_WARN_DOCUMENTATION_COMMENTS = YES;
				CLANG_WARN_EMPTY_BODY = YES;
				CLANG_WARN_ENUM_CONVERSION = YES;
				CLANG_WARN_INFINITE_RECURSION = YES;
				CLANG_WARN_INT_CONVERSION = YES;
				CLANG_WARN_NON_LITERAL_NULL_CONVERSION = YES;
				CLANG_WARN_OBJC_IMPLICIT_RETAIN_SELF = YES;
				CLANG_WARN_OBJC_LITERAL_CONVERSION = YES;
				CLANG_WARN_OBJC_ROOT_CLASS = YES_ERROR;
				CLANG_WARN_QUOTED_INCLUDE_IN_FRAMEWORK_HEADER = YES;
				CLANG_WARN_RANGE_LOOP_ANALYSIS = YES;
				CLANG_WARN_STRICT_PROTOTYPES = YES;
				CLANG_WARN_SUSPICIOUS_MOVE = YES;
				CLANG_WARN_UNGUARDED_AVAILABILITY = YES_AGGRESSIVE;
				CLANG_WARN_UNREACHABLE_CODE = YES;
				CLANG_WARN__DUPLICATE_METHOD_MATCH = YES;
				COPY_PHASE_STRIP = NO;
				DEBUG_INFORMATION_FORMAT = "dwarf-with-dsym";
				ENABLE_NS_ASSERTIONS = NO;
				ENABLE_STRICT_OBJC_MSGSEND = YES;
				GCC_C_LANGUAGE_STANDARD = gnu11;
				GCC_NO_COMMON_BLOCKS = YES;
				GCC_WARN_64_TO_32_BIT_CONVERSION = YES;
				GCC_WARN_ABOUT_RETURN_TYPE = YES_ERROR;
				GCC_WARN_UNDECLARED_SELECTOR = YES;
				GCC_WARN_UNINITIALIZED_AUTOS = YES_AGGRESSIVE;
				GCC_WARN_UNUSED_FUNCTION = YES;
				GCC_WARN_UNUSED_VARIABLE = YES;
				IPHONEOS_DEPLOYMENT_TARGET = 14.1;
				MACOSX_DEPLOYMENT_TARGET = 11.0;
				MTL_ENABLE_DEBUG_INFO = NO;
				MTL_FAST_MATH = YES;
				SWIFT_COMPILATION_MODE = wholemodule;
				SWIFT_OPTIMIZATION_LEVEL = "-O";
			};
			name = Release;
		};
		2C2EFC282639E82E00C05BE9 /* Debug */ = {
			isa = XCBuildConfiguration;
			buildSettings = {
				ASSETCATALOG_COMPILER_APPICON_NAME = AppIcon;
				ASSETCATALOG_COMPILER_GLOBAL_ACCENT_COLOR_NAME = AccentColor;
				CODE_SIGN_STYLE = Automatic;
				DEVELOPMENT_TEAM = DXUKH9VF73;
				ENABLE_PREVIEWS = YES;
				INFOPLIST_FILE = Targets/iOS/Info.plist;
				IPHONEOS_DEPLOYMENT_TARGET = 14.0;
				LD_RUNPATH_SEARCH_PATHS = (
					"$(inherited)",
					"@executable_path/Frameworks",
				);
				PRODUCT_BUNDLE_IDENTIFIER = io.kamaal.OwnStonks;
				PRODUCT_NAME = OwnStonks;
				SDKROOT = iphoneos;
				SWIFT_VERSION = 5.0;
				TARGETED_DEVICE_FAMILY = "1,2";
			};
			name = Debug;
		};
		2C2EFC292639E82E00C05BE9 /* Release */ = {
			isa = XCBuildConfiguration;
			buildSettings = {
				ASSETCATALOG_COMPILER_APPICON_NAME = AppIcon;
				ASSETCATALOG_COMPILER_GLOBAL_ACCENT_COLOR_NAME = AccentColor;
				CODE_SIGN_STYLE = Automatic;
				DEVELOPMENT_TEAM = DXUKH9VF73;
				ENABLE_PREVIEWS = YES;
				INFOPLIST_FILE = Targets/iOS/Info.plist;
				IPHONEOS_DEPLOYMENT_TARGET = 14.0;
				LD_RUNPATH_SEARCH_PATHS = (
					"$(inherited)",
					"@executable_path/Frameworks",
				);
				PRODUCT_BUNDLE_IDENTIFIER = io.kamaal.OwnStonks;
				PRODUCT_NAME = OwnStonks;
				SDKROOT = iphoneos;
				SWIFT_VERSION = 5.0;
				TARGETED_DEVICE_FAMILY = "1,2";
				VALIDATE_PRODUCT = YES;
			};
			name = Release;
		};
		2C2EFC2B2639E82E00C05BE9 /* Debug */ = {
			isa = XCBuildConfiguration;
			buildSettings = {
				ASSETCATALOG_COMPILER_APPICON_NAME = AppIcon;
				ASSETCATALOG_COMPILER_GLOBAL_ACCENT_COLOR_NAME = AccentColor;
				CODE_SIGN_ENTITLEMENTS = Targets/macOS/macOS.entitlements;
				CODE_SIGN_IDENTITY = "-";
				CODE_SIGN_STYLE = Automatic;
				COMBINE_HIDPI_IMAGES = YES;
				DEVELOPMENT_TEAM = DXUKH9VF73;
				ENABLE_HARDENED_RUNTIME = YES;
				ENABLE_PREVIEWS = YES;
				INFOPLIST_FILE = Targets/macOS/Info.plist;
				LD_RUNPATH_SEARCH_PATHS = (
					"$(inherited)",
					"@executable_path/../Frameworks",
				);
				MACOSX_DEPLOYMENT_TARGET = 11.0;
				PRODUCT_BUNDLE_IDENTIFIER = io.kamaal.OwnStonks;
				PRODUCT_NAME = OwnStonks;
				SDKROOT = macosx;
				SWIFT_VERSION = 5.0;
			};
			name = Debug;
		};
		2C2EFC2C2639E82E00C05BE9 /* Release */ = {
			isa = XCBuildConfiguration;
			buildSettings = {
				ASSETCATALOG_COMPILER_APPICON_NAME = AppIcon;
				ASSETCATALOG_COMPILER_GLOBAL_ACCENT_COLOR_NAME = AccentColor;
				CODE_SIGN_ENTITLEMENTS = Targets/macOS/macOS.entitlements;
				CODE_SIGN_IDENTITY = "-";
				CODE_SIGN_STYLE = Automatic;
				COMBINE_HIDPI_IMAGES = YES;
				DEVELOPMENT_TEAM = DXUKH9VF73;
				ENABLE_HARDENED_RUNTIME = YES;
				ENABLE_PREVIEWS = YES;
				INFOPLIST_FILE = Targets/macOS/Info.plist;
				LD_RUNPATH_SEARCH_PATHS = (
					"$(inherited)",
					"@executable_path/../Frameworks",
				);
				MACOSX_DEPLOYMENT_TARGET = 11.0;
				PRODUCT_BUNDLE_IDENTIFIER = io.kamaal.OwnStonks;
				PRODUCT_NAME = OwnStonks;
				SDKROOT = macosx;
				SWIFT_VERSION = 5.0;
			};
			name = Release;
		};
		2C2EFC2E2639E82E00C05BE9 /* Debug */ = {
			isa = XCBuildConfiguration;
			buildSettings = {
				ALWAYS_EMBED_SWIFT_STANDARD_LIBRARIES = YES;
				CODE_SIGN_STYLE = Automatic;
				DEVELOPMENT_TEAM = DXUKH9VF73;
				INFOPLIST_FILE = Tests/iOS/Info.plist;
				IPHONEOS_DEPLOYMENT_TARGET = 14.4;
				LD_RUNPATH_SEARCH_PATHS = (
					"$(inherited)",
					"@executable_path/Frameworks",
					"@loader_path/Frameworks",
				);
				PRODUCT_BUNDLE_IDENTIFIER = "io.kamaal.Tests-iOS";
				PRODUCT_NAME = "$(TARGET_NAME)";
				SDKROOT = iphoneos;
				SWIFT_VERSION = 5.0;
				TARGETED_DEVICE_FAMILY = "1,2";
				TEST_TARGET_NAME = "OwnStonks (iOS)";
			};
			name = Debug;
		};
		2C2EFC2F2639E82E00C05BE9 /* Release */ = {
			isa = XCBuildConfiguration;
			buildSettings = {
				ALWAYS_EMBED_SWIFT_STANDARD_LIBRARIES = YES;
				CODE_SIGN_STYLE = Automatic;
				DEVELOPMENT_TEAM = DXUKH9VF73;
				INFOPLIST_FILE = Tests/iOS/Info.plist;
				IPHONEOS_DEPLOYMENT_TARGET = 14.4;
				LD_RUNPATH_SEARCH_PATHS = (
					"$(inherited)",
					"@executable_path/Frameworks",
					"@loader_path/Frameworks",
				);
				PRODUCT_BUNDLE_IDENTIFIER = "io.kamaal.Tests-iOS";
				PRODUCT_NAME = "$(TARGET_NAME)";
				SDKROOT = iphoneos;
				SWIFT_VERSION = 5.0;
				TARGETED_DEVICE_FAMILY = "1,2";
				TEST_TARGET_NAME = "OwnStonks (iOS)";
				VALIDATE_PRODUCT = YES;
			};
			name = Release;
		};
		2C2EFC312639E82E00C05BE9 /* Debug */ = {
			isa = XCBuildConfiguration;
			buildSettings = {
				ALWAYS_EMBED_SWIFT_STANDARD_LIBRARIES = YES;
				CODE_SIGN_STYLE = Automatic;
				COMBINE_HIDPI_IMAGES = YES;
				DEVELOPMENT_TEAM = DXUKH9VF73;
				INFOPLIST_FILE = Tests/macOS/Info.plist;
				LD_RUNPATH_SEARCH_PATHS = (
					"$(inherited)",
					"@executable_path/../Frameworks",
					"@loader_path/../Frameworks",
				);
				MACOSX_DEPLOYMENT_TARGET = 11.1;
				PRODUCT_BUNDLE_IDENTIFIER = "io.kamaal.Tests-macOS";
				PRODUCT_NAME = "$(TARGET_NAME)";
				SDKROOT = macosx;
				SWIFT_VERSION = 5.0;
				TEST_TARGET_NAME = "OwnStonks (macOS)";
			};
			name = Debug;
		};
		2C2EFC322639E82E00C05BE9 /* Release */ = {
			isa = XCBuildConfiguration;
			buildSettings = {
				ALWAYS_EMBED_SWIFT_STANDARD_LIBRARIES = YES;
				CODE_SIGN_STYLE = Automatic;
				COMBINE_HIDPI_IMAGES = YES;
				DEVELOPMENT_TEAM = DXUKH9VF73;
				INFOPLIST_FILE = Tests/macOS/Info.plist;
				LD_RUNPATH_SEARCH_PATHS = (
					"$(inherited)",
					"@executable_path/../Frameworks",
					"@loader_path/../Frameworks",
				);
				MACOSX_DEPLOYMENT_TARGET = 11.1;
				PRODUCT_BUNDLE_IDENTIFIER = "io.kamaal.Tests-macOS";
				PRODUCT_NAME = "$(TARGET_NAME)";
				SDKROOT = macosx;
				SWIFT_VERSION = 5.0;
				TEST_TARGET_NAME = "OwnStonks (macOS)";
			};
			name = Release;
		};
/* End XCBuildConfiguration section */

/* Begin XCConfigurationList section */
		2C2EFBF42639E82B00C05BE9 /* Build configuration list for PBXProject "OwnStonks" */ = {
			isa = XCConfigurationList;
			buildConfigurations = (
				2C2EFC252639E82E00C05BE9 /* Debug */,
				2C2EFC262639E82E00C05BE9 /* Release */,
			);
			defaultConfigurationIsVisible = 0;
			defaultConfigurationName = Release;
		};
		2C2EFC272639E82E00C05BE9 /* Build configuration list for PBXNativeTarget "OwnStonks (iOS)" */ = {
			isa = XCConfigurationList;
			buildConfigurations = (
				2C2EFC282639E82E00C05BE9 /* Debug */,
				2C2EFC292639E82E00C05BE9 /* Release */,
			);
			defaultConfigurationIsVisible = 0;
			defaultConfigurationName = Release;
		};
		2C2EFC2A2639E82E00C05BE9 /* Build configuration list for PBXNativeTarget "OwnStonks (macOS)" */ = {
			isa = XCConfigurationList;
			buildConfigurations = (
				2C2EFC2B2639E82E00C05BE9 /* Debug */,
				2C2EFC2C2639E82E00C05BE9 /* Release */,
			);
			defaultConfigurationIsVisible = 0;
			defaultConfigurationName = Release;
		};
		2C2EFC2D2639E82E00C05BE9 /* Build configuration list for PBXNativeTarget "Tests iOS" */ = {
			isa = XCConfigurationList;
			buildConfigurations = (
				2C2EFC2E2639E82E00C05BE9 /* Debug */,
				2C2EFC2F2639E82E00C05BE9 /* Release */,
			);
			defaultConfigurationIsVisible = 0;
			defaultConfigurationName = Release;
		};
		2C2EFC302639E82E00C05BE9 /* Build configuration list for PBXNativeTarget "Tests macOS" */ = {
			isa = XCConfigurationList;
			buildConfigurations = (
				2C2EFC312639E82E00C05BE9 /* Debug */,
				2C2EFC322639E82E00C05BE9 /* Release */,
			);
			defaultConfigurationIsVisible = 0;
			defaultConfigurationName = Release;
		};
/* End XCConfigurationList section */

/* Begin XCRemoteSwiftPackageReference section */
		2C1486E6263EAFF9006EEB6B /* XCRemoteSwiftPackageReference "SalmonUI" */ = {
			isa = XCRemoteSwiftPackageReference;
			repositoryURL = "https://github.com/kamaal111/SalmonUI.git";
			requirement = {
				kind = upToNextMajorVersion;
				minimumVersion = 4.0.0;
			};
		};
		2C2FBD54263F4981001FC779 /* XCRemoteSwiftPackageReference "CloudDocs" */ = {
			isa = XCRemoteSwiftPackageReference;
			repositoryURL = "https://github.com/kamaal111/CloudDocs.git";
			requirement = {
				kind = upToNextMajorVersion;
				minimumVersion = 2.0.0;
			};
		};
		2CE62CAF263D71560032E86B /* XCRemoteSwiftPackageReference "ShrimpExtensions" */ = {
			isa = XCRemoteSwiftPackageReference;
			repositoryURL = "https://github.com/kamaal111/ShrimpExtensions.git";
			requirement = {
				kind = upToNextMajorVersion;
				minimumVersion = 1.12.1;
			};
		};
		6050FE0F263FCDAC00819D92 /* XCRemoteSwiftPackageReference "PersistanceManager" */ = {
			isa = XCRemoteSwiftPackageReference;
			repositoryURL = "https://github.com/kamaal111/PersistanceManager.git";
			requirement = {
				kind = upToNextMajorVersion;
				minimumVersion = 2.0.0;
			};
		};
		6050FE17263FCE0D00819D92 /* XCRemoteSwiftPackageReference "ConsoleSwift" */ = {
			isa = XCRemoteSwiftPackageReference;
			repositoryURL = "https://github.com/kamaal111/ConsoleSwift.git";
			requirement = {
				kind = upToNextMajorVersion;
				minimumVersion = 2.0.0;
			};
		};
/* End XCRemoteSwiftPackageReference section */

/* Begin XCSwiftPackageProductDependency section */
		2C1486E7263EAFF9006EEB6B /* SalmonUI */ = {
			isa = XCSwiftPackageProductDependency;
			package = 2C1486E6263EAFF9006EEB6B /* XCRemoteSwiftPackageReference "SalmonUI" */;
			productName = SalmonUI;
		};
		2C1486E9263EB03B006EEB6B /* SalmonUI */ = {
			isa = XCSwiftPackageProductDependency;
			package = 2C1486E6263EAFF9006EEB6B /* XCRemoteSwiftPackageReference "SalmonUI" */;
			productName = SalmonUI;
		};
		2C1486ED263EB1F2006EEB6B /* StonksUI */ = {
			isa = XCSwiftPackageProductDependency;
			productName = StonksUI;
		};
		2C1486EF263EB1F9006EEB6B /* StonksUI */ = {
			isa = XCSwiftPackageProductDependency;
			productName = StonksUI;
		};
		2C2FBD55263F4981001FC779 /* CloudDocs */ = {
			isa = XCSwiftPackageProductDependency;
			package = 2C2FBD54263F4981001FC779 /* XCRemoteSwiftPackageReference "CloudDocs" */;
			productName = CloudDocs;
		};
		2C2FBD57263F498A001FC779 /* CloudDocs */ = {
			isa = XCSwiftPackageProductDependency;
			package = 2C2FBD54263F4981001FC779 /* XCRemoteSwiftPackageReference "CloudDocs" */;
			productName = CloudDocs;
		};
		2CE62CB0263D71560032E86B /* ShrimpExtensions */ = {
			isa = XCSwiftPackageProductDependency;
			package = 2CE62CAF263D71560032E86B /* XCRemoteSwiftPackageReference "ShrimpExtensions" */;
			productName = ShrimpExtensions;
		};
		2CE62CB7263D71630032E86B /* ShrimpExtensions */ = {
			isa = XCSwiftPackageProductDependency;
			package = 2CE62CAF263D71560032E86B /* XCRemoteSwiftPackageReference "ShrimpExtensions" */;
			productName = ShrimpExtensions;
		};
		6050FE10263FCDAC00819D92 /* PersistanceManager */ = {
			isa = XCSwiftPackageProductDependency;
			package = 6050FE0F263FCDAC00819D92 /* XCRemoteSwiftPackageReference "PersistanceManager" */;
			productName = PersistanceManager;
		};
		6050FE12263FCDB700819D92 /* PersistanceManager */ = {
			isa = XCSwiftPackageProductDependency;
			package = 6050FE0F263FCDAC00819D92 /* XCRemoteSwiftPackageReference "PersistanceManager" */;
			productName = PersistanceManager;
		};
		6050FE18263FCE0D00819D92 /* ConsoleSwift */ = {
			isa = XCSwiftPackageProductDependency;
			package = 6050FE17263FCE0D00819D92 /* XCRemoteSwiftPackageReference "ConsoleSwift" */;
			productName = ConsoleSwift;
		};
		6050FE1A263FCE1C00819D92 /* ConsoleSwift */ = {
			isa = XCSwiftPackageProductDependency;
			package = 6050FE17263FCE0D00819D92 /* XCRemoteSwiftPackageReference "ConsoleSwift" */;
			productName = ConsoleSwift;
		};
/* End XCSwiftPackageProductDependency section */

/* Begin XCVersionGroup section */
		6050FE1D263FCE9500819D92 /* OwnStonks.xcdatamodeld */ = {
			isa = XCVersionGroup;
			children = (
				6050FE1E263FCE9500819D92 /* OwnStocks.xcdatamodel */,
			);
			currentVersion = 6050FE1E263FCE9500819D92 /* OwnStocks.xcdatamodel */;
			path = OwnStonks.xcdatamodeld;
			sourceTree = "<group>";
			versionGroupType = wrapper.xcdatamodel;
		};
/* End XCVersionGroup section */
	};
	rootObject = 2C2EFBF12639E82B00C05BE9 /* Project object */;
}
