// !$*UTF8*$!
{
	archiveVersion = 1;
	classes = {
	};
	objectVersion = 56;
	objects = {

/* Begin PBXBuildFile section */
		2C07AF35295F512300B7CF6E /* AppSizes.swift in Sources */ = {isa = PBXBuildFile; fileRef = 2C07AF34295F512300B7CF6E /* AppSizes.swift */; };
		2C0B996D2959FD6A00443BAC /* OwnStonksApp.swift in Sources */ = {isa = PBXBuildFile; fileRef = 2C0B996C2959FD6A00443BAC /* OwnStonksApp.swift */; };
		2C0B996F2959FD6A00443BAC /* Persistence.swift in Sources */ = {isa = PBXBuildFile; fileRef = 2C0B996E2959FD6A00443BAC /* Persistence.swift */; };
		2C0B99742959FD6A00443BAC /* ContentView.swift in Sources */ = {isa = PBXBuildFile; fileRef = 2C0B99732959FD6A00443BAC /* ContentView.swift */; };
		2C0B99762959FD6D00443BAC /* Assets.xcassets in Resources */ = {isa = PBXBuildFile; fileRef = 2C0B99752959FD6D00443BAC /* Assets.xcassets */; };
		2C0B997A2959FD6D00443BAC /* Preview Assets.xcassets in Resources */ = {isa = PBXBuildFile; fileRef = 2C0B99792959FD6D00443BAC /* Preview Assets.xcassets */; };
		2C0B9987295A0F2E00443BAC /* SwiftStructures in Frameworks */ = {isa = PBXBuildFile; productRef = 2C0B9986295A0F2E00443BAC /* SwiftStructures */; };
		2C0B9991295A11D100443BAC /* BetterNavigation in Frameworks */ = {isa = PBXBuildFile; productRef = 2C0B9990295A11D100443BAC /* BetterNavigation */; };
		2C0B9995295A1C4300443BAC /* TransactionsScreen.swift in Sources */ = {isa = PBXBuildFile; fileRef = 2C0B9994295A1C4300443BAC /* TransactionsScreen.swift */; };
		2C0FFCB82964CE1E007046A0 /* Sidebar.swift in Sources */ = {isa = PBXBuildFile; fileRef = 2C0FFCB72964CE1E007046A0 /* Sidebar.swift */; };
		2C0FFCBA2964CE45007046A0 /* MainView.swift in Sources */ = {isa = PBXBuildFile; fileRef = 2C0FFCB92964CE45007046A0 /* MainView.swift */; };
		2C0FFCBC2964CE9C007046A0 /* Screens.swift in Sources */ = {isa = PBXBuildFile; fileRef = 2C0FFCBB2964CE9C007046A0 /* Screens.swift */; };
		2C205B0A2962201300AD366E /* ExchangeRateManager.swift in Sources */ = {isa = PBXBuildFile; fileRef = 2C205B092962201300AD366E /* ExchangeRateManager.swift */; };
		2C4C8B90296612AF004DF2B3 /* AppSettingsScreen.swift in Sources */ = {isa = PBXBuildFile; fileRef = 2C4C8B8F296612AF004DF2B3 /* AppSettingsScreen.swift */; };
		2C58696A2964B1DF00D45F6A /* UserData.swift in Sources */ = {isa = PBXBuildFile; fileRef = 2C5869692964B1DF00D45F6A /* UserData.swift */; };
		2C5EF049296082F3000536BC /* Backend in Frameworks */ = {isa = PBXBuildFile; productRef = 2C5EF048296082F3000536BC /* Backend */; };
		2C7CC3E3296093CE006164DB /* Models in Frameworks */ = {isa = PBXBuildFile; productRef = 2C7CC3E2296093CE006164DB /* Models */; };
		2C7CC3E62960973D006164DB /* Swinject in Frameworks */ = {isa = PBXBuildFile; productRef = 2C7CC3E52960973D006164DB /* Swinject */; };
		2C7CC3EA2960983F006164DB /* TransactionsManager.swift in Sources */ = {isa = PBXBuildFile; fileRef = 2C7CC3E92960983F006164DB /* TransactionsManager.swift */; };
		2C7CC3EC29609868006164DB /* Container.swift in Sources */ = {isa = PBXBuildFile; fileRef = 2C7CC3EB29609868006164DB /* Container.swift */; };
		2C7CC3F229609D27006164DB /* ZaWarudo in Frameworks */ = {isa = PBXBuildFile; productRef = 2C7CC3F129609D27006164DB /* ZaWarudo */; };
		2C7CC3F72960B9BD006164DB /* TransactionInformationLabel.swift in Sources */ = {isa = PBXBuildFile; fileRef = 2C7CC3F62960B9BD006164DB /* TransactionInformationLabel.swift */; };
		2C7CC3FA2960BF03006164DB /* InvisibleFill.swift in Sources */ = {isa = PBXBuildFile; fileRef = 2C7CC3F92960BF03006164DB /* InvisibleFill.swift */; };
		2C7CC3FC2960C2C2006164DB /* TransactionDetailSheetContext.swift in Sources */ = {isa = PBXBuildFile; fileRef = 2C7CC3FB2960C2C2006164DB /* TransactionDetailSheetContext.swift */; };
		2C7CC3FE2960C8D9006164DB /* EditableText.swift in Sources */ = {isa = PBXBuildFile; fileRef = 2C7CC3FD2960C8D9006164DB /* EditableText.swift */; };
		2C7CC4002960CA51006164DB /* EditableDate.swift in Sources */ = {isa = PBXBuildFile; fileRef = 2C7CC3FF2960CA51006164DB /* EditableDate.swift */; };
		2CB6E498295F5DFE008DE698 /* TitledPicker.swift in Sources */ = {isa = PBXBuildFile; fileRef = 2CB6E497295F5DFE008DE698 /* TitledPicker.swift */; };
		2CB6E49C295F642F008DE698 /* TitledView.swift in Sources */ = {isa = PBXBuildFile; fileRef = 2CB6E49B295F642F008DE698 /* TitledView.swift */; };
		2CB6E49E295F6498008DE698 /* MoneyTextField.swift in Sources */ = {isa = PBXBuildFile; fileRef = 2CB6E49D295F6498008DE698 /* MoneyTextField.swift */; };
		2CB6E4A3295F76F0008DE698 /* String+extensions.swift in Sources */ = {isa = PBXBuildFile; fileRef = 2CB6E4A2295F76F0008DE698 /* String+extensions.swift */; };
		2CB6E4A5295F8108008DE698 /* OSPicker.swift in Sources */ = {isa = PBXBuildFile; fileRef = 2CB6E4A4295F8108008DE698 /* OSPicker.swift */; };
		2CB6E4AC295F8599008DE698 /* ShrimpExtensions in Frameworks */ = {isa = PBXBuildFile; productRef = 2CB6E4AB295F8599008DE698 /* ShrimpExtensions */; };
		2CB6E4B0295F921B008DE698 /* TransactionView.swift in Sources */ = {isa = PBXBuildFile; fileRef = 2CB6E4AF295F921B008DE698 /* TransactionView.swift */; };
		2CB74A78295E32F700408363 /* OSLocales in Frameworks */ = {isa = PBXBuildFile; productRef = 2CB74A77295E32F700408363 /* OSLocales */; };
		2CB74A7A295E347100408363 /* OSText.swift in Sources */ = {isa = PBXBuildFile; fileRef = 2CB74A79295E347100408363 /* OSText.swift */; };
		2CB74A7D295E351400408363 /* TransactionDetailSheet.swift in Sources */ = {isa = PBXBuildFile; fileRef = 2CB74A7C295E351400408363 /* TransactionDetailSheet.swift */; };
		2CB74A7F295E355000408363 /* OSButton.swift in Sources */ = {isa = PBXBuildFile; fileRef = 2CB74A7E295E355000408363 /* OSButton.swift */; };
		2CCCA5A62961D90600B1C846 /* EditablePickerType.swift in Sources */ = {isa = PBXBuildFile; fileRef = 2CCCA5A52961D90600B1C846 /* EditablePickerType.swift */; };
		2CCCA5A82961DBD200B1C846 /* EditableDecimal.swift in Sources */ = {isa = PBXBuildFile; fileRef = 2CCCA5A72961DBD200B1C846 /* EditableDecimal.swift */; };
		2CCCA5AA2961DCEF00B1C846 /* EditableMoney.swift in Sources */ = {isa = PBXBuildFile; fileRef = 2CCCA5A92961DCEF00B1C846 /* EditableMoney.swift */; };
		2CD7D4DF295CD472006F675D /* SalmonUI in Frameworks */ = {isa = PBXBuildFile; productRef = 2CD7D4DE295CD472006F675D /* SalmonUI */; };
		2CD8A8A8296620FA00D50D60 /* SettingsUI in Frameworks */ = {isa = PBXBuildFile; productRef = 2CD8A8A7296620FA00D50D60 /* SettingsUI */; };
		2CD8A8AB296621BB00D50D60 /* Logster in Frameworks */ = {isa = PBXBuildFile; productRef = 2CD8A8AA296621BB00D50D60 /* Logster */; };
		2CD8A8AE296621E300D50D60 /* PopperUp in Frameworks */ = {isa = PBXBuildFile; productRef = 2CD8A8AD296621E300D50D60 /* PopperUp */; };
/* End PBXBuildFile section */

/* Begin PBXFileReference section */
		2C07AF34295F512300B7CF6E /* AppSizes.swift */ = {isa = PBXFileReference; lastKnownFileType = sourcecode.swift; path = AppSizes.swift; sourceTree = "<group>"; };
		2C0B99692959FD6A00443BAC /* OwnStonks.app */ = {isa = PBXFileReference; explicitFileType = wrapper.application; includeInIndex = 0; path = OwnStonks.app; sourceTree = BUILT_PRODUCTS_DIR; };
		2C0B996C2959FD6A00443BAC /* OwnStonksApp.swift */ = {isa = PBXFileReference; lastKnownFileType = sourcecode.swift; path = OwnStonksApp.swift; sourceTree = "<group>"; };
		2C0B996E2959FD6A00443BAC /* Persistence.swift */ = {isa = PBXFileReference; lastKnownFileType = sourcecode.swift; path = Persistence.swift; sourceTree = "<group>"; };
		2C0B99732959FD6A00443BAC /* ContentView.swift */ = {isa = PBXFileReference; lastKnownFileType = sourcecode.swift; path = ContentView.swift; sourceTree = "<group>"; };
		2C0B99752959FD6D00443BAC /* Assets.xcassets */ = {isa = PBXFileReference; lastKnownFileType = folder.assetcatalog; path = Assets.xcassets; sourceTree = "<group>"; };
		2C0B99772959FD6D00443BAC /* OwnStonks.entitlements */ = {isa = PBXFileReference; lastKnownFileType = text.plist.entitlements; path = OwnStonks.entitlements; sourceTree = "<group>"; };
		2C0B99792959FD6D00443BAC /* Preview Assets.xcassets */ = {isa = PBXFileReference; lastKnownFileType = folder.assetcatalog; path = "Preview Assets.xcassets"; sourceTree = "<group>"; };
		2C0B9981295A00F400443BAC /* SwiftStructures */ = {isa = PBXFileReference; lastKnownFileType = wrapper; path = SwiftStructures; sourceTree = "<group>"; };
		2C0B998F295A111B00443BAC /* BetterNavigation */ = {isa = PBXFileReference; lastKnownFileType = wrapper; path = BetterNavigation; sourceTree = "<group>"; };
		2C0B9994295A1C4300443BAC /* TransactionsScreen.swift */ = {isa = PBXFileReference; lastKnownFileType = sourcecode.swift; path = TransactionsScreen.swift; sourceTree = "<group>"; };
		2C0FFCB72964CE1E007046A0 /* Sidebar.swift */ = {isa = PBXFileReference; lastKnownFileType = sourcecode.swift; path = Sidebar.swift; sourceTree = "<group>"; };
		2C0FFCB92964CE45007046A0 /* MainView.swift */ = {isa = PBXFileReference; lastKnownFileType = sourcecode.swift; path = MainView.swift; sourceTree = "<group>"; };
		2C0FFCBB2964CE9C007046A0 /* Screens.swift */ = {isa = PBXFileReference; lastKnownFileType = sourcecode.swift; path = Screens.swift; sourceTree = "<group>"; };
		2C205B092962201300AD366E /* ExchangeRateManager.swift */ = {isa = PBXFileReference; lastKnownFileType = sourcecode.swift; path = ExchangeRateManager.swift; sourceTree = "<group>"; };
		2C4C8B8F296612AF004DF2B3 /* AppSettingsScreen.swift */ = {isa = PBXFileReference; lastKnownFileType = sourcecode.swift; path = AppSettingsScreen.swift; sourceTree = "<group>"; };
		2C5869692964B1DF00D45F6A /* UserData.swift */ = {isa = PBXFileReference; lastKnownFileType = sourcecode.swift; path = UserData.swift; sourceTree = "<group>"; };
		2C5EF044296078CF000536BC /* CDPersist */ = {isa = PBXFileReference; lastKnownFileType = wrapper; path = CDPersist; sourceTree = "<group>"; };
		2C5EF0472960829A000536BC /* Backend */ = {isa = PBXFileReference; lastKnownFileType = wrapper; path = Backend; sourceTree = "<group>"; };
		2C5EF04A29608909000536BC /* Models */ = {isa = PBXFileReference; lastKnownFileType = wrapper; path = Models; sourceTree = "<group>"; };
		2C7CC3E92960983F006164DB /* TransactionsManager.swift */ = {isa = PBXFileReference; lastKnownFileType = sourcecode.swift; path = TransactionsManager.swift; sourceTree = "<group>"; };
		2C7CC3EB29609868006164DB /* Container.swift */ = {isa = PBXFileReference; lastKnownFileType = sourcecode.swift; path = Container.swift; sourceTree = "<group>"; };
		2C7CC3F029609C96006164DB /* ZaWarudo */ = {isa = PBXFileReference; lastKnownFileType = wrapper; path = ZaWarudo; sourceTree = "<group>"; };
		2C7CC3F62960B9BD006164DB /* TransactionInformationLabel.swift */ = {isa = PBXFileReference; lastKnownFileType = sourcecode.swift; path = TransactionInformationLabel.swift; sourceTree = "<group>"; };
		2C7CC3F92960BF03006164DB /* InvisibleFill.swift */ = {isa = PBXFileReference; lastKnownFileType = sourcecode.swift; path = InvisibleFill.swift; sourceTree = "<group>"; };
		2C7CC3FB2960C2C2006164DB /* TransactionDetailSheetContext.swift */ = {isa = PBXFileReference; lastKnownFileType = sourcecode.swift; path = TransactionDetailSheetContext.swift; sourceTree = "<group>"; };
		2C7CC3FD2960C8D9006164DB /* EditableText.swift */ = {isa = PBXFileReference; lastKnownFileType = sourcecode.swift; path = EditableText.swift; sourceTree = "<group>"; };
		2C7CC3FF2960CA51006164DB /* EditableDate.swift */ = {isa = PBXFileReference; lastKnownFileType = sourcecode.swift; path = EditableDate.swift; sourceTree = "<group>"; };
		2CB6E497295F5DFE008DE698 /* TitledPicker.swift */ = {isa = PBXFileReference; lastKnownFileType = sourcecode.swift; path = TitledPicker.swift; sourceTree = "<group>"; };
		2CB6E49B295F642F008DE698 /* TitledView.swift */ = {isa = PBXFileReference; lastKnownFileType = sourcecode.swift; path = TitledView.swift; sourceTree = "<group>"; };
		2CB6E49D295F6498008DE698 /* MoneyTextField.swift */ = {isa = PBXFileReference; lastKnownFileType = sourcecode.swift; path = MoneyTextField.swift; sourceTree = "<group>"; };
		2CB6E4A2295F76F0008DE698 /* String+extensions.swift */ = {isa = PBXFileReference; lastKnownFileType = sourcecode.swift; path = "String+extensions.swift"; sourceTree = "<group>"; };
		2CB6E4A4295F8108008DE698 /* OSPicker.swift */ = {isa = PBXFileReference; lastKnownFileType = sourcecode.swift; path = OSPicker.swift; sourceTree = "<group>"; };
		2CB6E4AF295F921B008DE698 /* TransactionView.swift */ = {isa = PBXFileReference; lastKnownFileType = sourcecode.swift; path = TransactionView.swift; sourceTree = "<group>"; };
		2CB74A79295E347100408363 /* OSText.swift */ = {isa = PBXFileReference; lastKnownFileType = sourcecode.swift; path = OSText.swift; sourceTree = "<group>"; };
		2CB74A7C295E351400408363 /* TransactionDetailSheet.swift */ = {isa = PBXFileReference; lastKnownFileType = sourcecode.swift; path = TransactionDetailSheet.swift; sourceTree = "<group>"; };
		2CB74A7E295E355000408363 /* OSButton.swift */ = {isa = PBXFileReference; lastKnownFileType = sourcecode.swift; path = OSButton.swift; sourceTree = "<group>"; };
		2CCCA5A52961D90600B1C846 /* EditablePickerType.swift */ = {isa = PBXFileReference; lastKnownFileType = sourcecode.swift; path = EditablePickerType.swift; sourceTree = "<group>"; };
		2CCCA5A72961DBD200B1C846 /* EditableDecimal.swift */ = {isa = PBXFileReference; lastKnownFileType = sourcecode.swift; path = EditableDecimal.swift; sourceTree = "<group>"; };
		2CCCA5A92961DCEF00B1C846 /* EditableMoney.swift */ = {isa = PBXFileReference; lastKnownFileType = sourcecode.swift; path = EditableMoney.swift; sourceTree = "<group>"; };
		2CCCA5AB2961F3B700B1C846 /* Network */ = {isa = PBXFileReference; lastKnownFileType = wrapper; path = Network; sourceTree = "<group>"; };
		2CD7D4E0295CD615006F675D /* OSLocales */ = {isa = PBXFileReference; lastKnownFileType = wrapper; path = OSLocales; sourceTree = "<group>"; };
		2CD7D4E1295CD84A006F675D /* package.json */ = {isa = PBXFileReference; lastKnownFileType = text.json; path = package.json; sourceTree = "<group>"; };
		2CD7D4E5295CD923006F675D /* en.js */ = {isa = PBXFileReference; lastKnownFileType = sourcecode.javascript; path = en.js; sourceTree = "<group>"; };
		2CD7D4E7295CD965006F675D /* locale.js */ = {isa = PBXFileReference; lastKnownFileType = sourcecode.javascript; path = locale.js; sourceTree = "<group>"; };
/* End PBXFileReference section */

/* Begin PBXFrameworksBuildPhase section */
		2C0B99662959FD6A00443BAC /* Frameworks */ = {
			isa = PBXFrameworksBuildPhase;
			buildActionMask = 2147483647;
			files = (
				2CD7D4DF295CD472006F675D /* SalmonUI in Frameworks */,
				2C7CC3F229609D27006164DB /* ZaWarudo in Frameworks */,
				2C0B9991295A11D100443BAC /* BetterNavigation in Frameworks */,
				2CD8A8AB296621BB00D50D60 /* Logster in Frameworks */,
				2CB74A78295E32F700408363 /* OSLocales in Frameworks */,
				2CD8A8A8296620FA00D50D60 /* SettingsUI in Frameworks */,
				2C0B9987295A0F2E00443BAC /* SwiftStructures in Frameworks */,
				2CD8A8AE296621E300D50D60 /* PopperUp in Frameworks */,
				2C5EF049296082F3000536BC /* Backend in Frameworks */,
				2C7CC3E3296093CE006164DB /* Models in Frameworks */,
				2CB6E4AC295F8599008DE698 /* ShrimpExtensions in Frameworks */,
				2C7CC3E62960973D006164DB /* Swinject in Frameworks */,
			);
			runOnlyForDeploymentPostprocessing = 0;
		};
/* End PBXFrameworksBuildPhase section */

/* Begin PBXGroup section */
		2C07AF33295F510C00B7CF6E /* Enumerations */ = {
			isa = PBXGroup;
			children = (
				2C07AF34295F512300B7CF6E /* AppSizes.swift */,
				2C7CC3FB2960C2C2006164DB /* TransactionDetailSheetContext.swift */,
				2C0FFCBB2964CE9C007046A0 /* Screens.swift */,
			);
			path = Enumerations;
			sourceTree = "<group>";
		};
		2C0B99602959FD6A00443BAC = {
			isa = PBXGroup;
			children = (
				2CD7D4E1295CD84A006F675D /* package.json */,
				2C0B9983295A0EF400443BAC /* Frameworks */,
				2CD7D4E4295CD90D006F675D /* Locales */,
				2C0B996B2959FD6A00443BAC /* OwnStonks */,
				2C0B9980295A00C500443BAC /* Packages */,
				2C0B996A2959FD6A00443BAC /* Products */,
				2CD7D4E2295CD861006F675D /* Scripts */,
			);
			sourceTree = "<group>";
		};
		2C0B996A2959FD6A00443BAC /* Products */ = {
			isa = PBXGroup;
			children = (
				2C0B99692959FD6A00443BAC /* OwnStonks.app */,
			);
			name = Products;
			sourceTree = "<group>";
		};
		2C0B996B2959FD6A00443BAC /* OwnStonks */ = {
			isa = PBXGroup;
			children = (
				2C0B99772959FD6D00443BAC /* OwnStonks.entitlements */,
				2C7CC3EB29609868006164DB /* Container.swift */,
				2C0B99732959FD6A00443BAC /* ContentView.swift */,
				2C0B996C2959FD6A00443BAC /* OwnStonksApp.swift */,
				2C0B996E2959FD6A00443BAC /* Persistence.swift */,
				2C0B99752959FD6D00443BAC /* Assets.xcassets */,
				2C07AF33295F510C00B7CF6E /* Enumerations */,
				2CB6E4A1295F76DC008DE698 /* Extensions */,
				2C7CC3E729609772006164DB /* Models */,
				2C0B99782959FD6D00443BAC /* Preview Content */,
				2C0B9992295A1C3000443BAC /* Views */,
			);
			path = OwnStonks;
			sourceTree = "<group>";
		};
		2C0B99782959FD6D00443BAC /* Preview Content */ = {
			isa = PBXGroup;
			children = (
				2C0B99792959FD6D00443BAC /* Preview Assets.xcassets */,
			);
			path = "Preview Content";
			sourceTree = "<group>";
		};
		2C0B9980295A00C500443BAC /* Packages */ = {
			isa = PBXGroup;
			children = (
				2C5EF0472960829A000536BC /* Backend */,
				2C0B998F295A111B00443BAC /* BetterNavigation */,
				2C5EF044296078CF000536BC /* CDPersist */,
				2C5EF04A29608909000536BC /* Models */,
				2CCCA5AB2961F3B700B1C846 /* Network */,
				2CD7D4E0295CD615006F675D /* OSLocales */,
				2C0B9981295A00F400443BAC /* SwiftStructures */,
				2C7CC3F029609C96006164DB /* ZaWarudo */,
			);
			path = Packages;
			sourceTree = "<group>";
		};
		2C0B9983295A0EF400443BAC /* Frameworks */ = {
			isa = PBXGroup;
			children = (
			);
			name = Frameworks;
			sourceTree = "<group>";
		};
		2C0B9992295A1C3000443BAC /* Views */ = {
			isa = PBXGroup;
			children = (
				2C0B9993295A1C3600443BAC /* Screens */,
				2CD7D4DC295CD170006F675D /* SupportingViews */,
				2C7CC3F82960BEF2006164DB /* ViewModifiers */,
			);
			path = Views;
			sourceTree = "<group>";
		};
		2C0B9993295A1C3600443BAC /* Screens */ = {
			isa = PBXGroup;
			children = (
				2C4C8B8F296612AF004DF2B3 /* AppSettingsScreen.swift */,
				2C0B9994295A1C4300443BAC /* TransactionsScreen.swift */,
			);
			path = Screens;
			sourceTree = "<group>";
		};
		2C7CC3E729609772006164DB /* Models */ = {
			isa = PBXGroup;
			children = (
				2C7CC3E8296097A9006164DB /* Managers */,
			);
			path = Models;
			sourceTree = "<group>";
		};
		2C7CC3E8296097A9006164DB /* Managers */ = {
			isa = PBXGroup;
			children = (
				2C205B092962201300AD366E /* ExchangeRateManager.swift */,
				2C7CC3E92960983F006164DB /* TransactionsManager.swift */,
				2C5869692964B1DF00D45F6A /* UserData.swift */,
			);
			path = Managers;
			sourceTree = "<group>";
		};
		2C7CC3F82960BEF2006164DB /* ViewModifiers */ = {
			isa = PBXGroup;
			children = (
				2C7CC3F92960BF03006164DB /* InvisibleFill.swift */,
			);
			path = ViewModifiers;
			sourceTree = "<group>";
		};
		2CB6E4A1295F76DC008DE698 /* Extensions */ = {
			isa = PBXGroup;
			children = (
				2CB6E4A2295F76F0008DE698 /* String+extensions.swift */,
			);
			path = Extensions;
			sourceTree = "<group>";
		};
		2CB74A7B295E350200408363 /* Sheets */ = {
			isa = PBXGroup;
			children = (
				2CB74A7C295E351400408363 /* TransactionDetailSheet.swift */,
			);
			path = Sheets;
			sourceTree = "<group>";
		};
		2CD7D4DC295CD170006F675D /* SupportingViews */ = {
			isa = PBXGroup;
			children = (
				2C7CC3FF2960CA51006164DB /* EditableDate.swift */,
				2CCCA5A72961DBD200B1C846 /* EditableDecimal.swift */,
				2CCCA5A92961DCEF00B1C846 /* EditableMoney.swift */,
				2CCCA5A52961D90600B1C846 /* EditablePickerType.swift */,
				2C7CC3FD2960C8D9006164DB /* EditableText.swift */,
				2C0FFCB92964CE45007046A0 /* MainView.swift */,
				2CB6E49D295F6498008DE698 /* MoneyTextField.swift */,
				2CB74A7E295E355000408363 /* OSButton.swift */,
				2CB6E4A4295F8108008DE698 /* OSPicker.swift */,
				2CB74A79295E347100408363 /* OSText.swift */,
				2C0FFCB72964CE1E007046A0 /* Sidebar.swift */,
				2CB6E497295F5DFE008DE698 /* TitledPicker.swift */,
				2CB6E49B295F642F008DE698 /* TitledView.swift */,
				2C7CC3F62960B9BD006164DB /* TransactionInformationLabel.swift */,
				2CB6E4AF295F921B008DE698 /* TransactionView.swift */,
				2CB74A7B295E350200408363 /* Sheets */,
			);
			path = SupportingViews;
			sourceTree = "<group>";
		};
		2CD7D4E2295CD861006F675D /* Scripts */ = {
			isa = PBXGroup;
			children = (
				2CD7D4E3295CD8D2006F675D /* generate-locales */,
			);
			path = Scripts;
			sourceTree = "<group>";
		};
		2CD7D4E3295CD8D2006F675D /* generate-locales */ = {
			isa = PBXGroup;
			children = (
				2CD7D4E7295CD965006F675D /* locale.js */,
			);
			path = "generate-locales";
			sourceTree = "<group>";
		};
		2CD7D4E4295CD90D006F675D /* Locales */ = {
			isa = PBXGroup;
			children = (
				2CD7D4E5295CD923006F675D /* en.js */,
			);
			path = Locales;
			sourceTree = "<group>";
		};
/* End PBXGroup section */

/* Begin PBXNativeTarget section */
		2C0B99682959FD6A00443BAC /* OwnStonks */ = {
			isa = PBXNativeTarget;
			buildConfigurationList = 2C0B997D2959FD6D00443BAC /* Build configuration list for PBXNativeTarget "OwnStonks" */;
			buildPhases = (
				2C0B99652959FD6A00443BAC /* Sources */,
				2C0B99662959FD6A00443BAC /* Frameworks */,
				2C0B99672959FD6A00443BAC /* Resources */,
			);
			buildRules = (
			);
			dependencies = (
			);
			name = OwnStonks;
			packageProductDependencies = (
				2C0B9986295A0F2E00443BAC /* SwiftStructures */,
				2C0B9990295A11D100443BAC /* BetterNavigation */,
				2CD7D4DE295CD472006F675D /* SalmonUI */,
				2CB74A77295E32F700408363 /* OSLocales */,
				2CB6E4AB295F8599008DE698 /* ShrimpExtensions */,
				2C5EF048296082F3000536BC /* Backend */,
				2C7CC3E2296093CE006164DB /* Models */,
				2C7CC3E52960973D006164DB /* Swinject */,
				2C7CC3F129609D27006164DB /* ZaWarudo */,
				2CD8A8A7296620FA00D50D60 /* SettingsUI */,
				2CD8A8AA296621BB00D50D60 /* Logster */,
				2CD8A8AD296621E300D50D60 /* PopperUp */,
			);
			productName = OwnStonks;
			productReference = 2C0B99692959FD6A00443BAC /* OwnStonks.app */;
			productType = "com.apple.product-type.application";
		};
/* End PBXNativeTarget section */

/* Begin PBXProject section */
		2C0B99612959FD6A00443BAC /* Project object */ = {
			isa = PBXProject;
			attributes = {
				BuildIndependentTargetsInParallel = 1;
				LastSwiftUpdateCheck = 1420;
				LastUpgradeCheck = 1420;
				TargetAttributes = {
					2C0B99682959FD6A00443BAC = {
						CreatedOnToolsVersion = 14.2;
					};
				};
			};
			buildConfigurationList = 2C0B99642959FD6A00443BAC /* Build configuration list for PBXProject "OwnStonks" */;
			compatibilityVersion = "Xcode 14.0";
			developmentRegion = en;
			hasScannedForEncodings = 0;
			knownRegions = (
				en,
				Base,
			);
			mainGroup = 2C0B99602959FD6A00443BAC;
			packageReferences = (
				2CD7D4DD295CD472006F675D /* XCRemoteSwiftPackageReference "SalmonUI" */,
				2CB6E4AA295F8599008DE698 /* XCRemoteSwiftPackageReference "ShrimpExtensions" */,
				2C7CC3E42960973D006164DB /* XCRemoteSwiftPackageReference "Swinject" */,
				2CD8A8A6296620FA00D50D60 /* XCRemoteSwiftPackageReference "SettingsUI" */,
				2CD8A8A9296621BB00D50D60 /* XCRemoteSwiftPackageReference "Logster" */,
				2CD8A8AC296621E300D50D60 /* XCRemoteSwiftPackageReference "PopperUp" */,
			);
			productRefGroup = 2C0B996A2959FD6A00443BAC /* Products */;
			projectDirPath = "";
			projectRoot = "";
			targets = (
				2C0B99682959FD6A00443BAC /* OwnStonks */,
			);
		};
/* End PBXProject section */

/* Begin PBXResourcesBuildPhase section */
		2C0B99672959FD6A00443BAC /* Resources */ = {
			isa = PBXResourcesBuildPhase;
			buildActionMask = 2147483647;
			files = (
				2C0B997A2959FD6D00443BAC /* Preview Assets.xcassets in Resources */,
				2C0B99762959FD6D00443BAC /* Assets.xcassets in Resources */,
			);
			runOnlyForDeploymentPostprocessing = 0;
		};
/* End PBXResourcesBuildPhase section */

/* Begin PBXSourcesBuildPhase section */
		2C0B99652959FD6A00443BAC /* Sources */ = {
			isa = PBXSourcesBuildPhase;
			buildActionMask = 2147483647;
			files = (
				2C58696A2964B1DF00D45F6A /* UserData.swift in Sources */,
				2C7CC3FE2960C8D9006164DB /* EditableText.swift in Sources */,
				2C0B996D2959FD6A00443BAC /* OwnStonksApp.swift in Sources */,
				2CB74A7F295E355000408363 /* OSButton.swift in Sources */,
				2C7CC3FA2960BF03006164DB /* InvisibleFill.swift in Sources */,
				2CB6E49C295F642F008DE698 /* TitledView.swift in Sources */,
				2C07AF35295F512300B7CF6E /* AppSizes.swift in Sources */,
				2CB6E4B0295F921B008DE698 /* TransactionView.swift in Sources */,
				2C0FFCBC2964CE9C007046A0 /* Screens.swift in Sources */,
				2C7CC3F72960B9BD006164DB /* TransactionInformationLabel.swift in Sources */,
				2CCCA5AA2961DCEF00B1C846 /* EditableMoney.swift in Sources */,
				2CB74A7A295E347100408363 /* OSText.swift in Sources */,
				2CB6E498295F5DFE008DE698 /* TitledPicker.swift in Sources */,
				2C0B9995295A1C4300443BAC /* TransactionsScreen.swift in Sources */,
				2CCCA5A62961D90600B1C846 /* EditablePickerType.swift in Sources */,
				2CB6E4A3295F76F0008DE698 /* String+extensions.swift in Sources */,
				2C7CC4002960CA51006164DB /* EditableDate.swift in Sources */,
				2C0FFCB82964CE1E007046A0 /* Sidebar.swift in Sources */,
				2CB6E4A5295F8108008DE698 /* OSPicker.swift in Sources */,
				2C0FFCBA2964CE45007046A0 /* MainView.swift in Sources */,
				2C0B99742959FD6A00443BAC /* ContentView.swift in Sources */,
				2C7CC3EA2960983F006164DB /* TransactionsManager.swift in Sources */,
				2C7CC3FC2960C2C2006164DB /* TransactionDetailSheetContext.swift in Sources */,
				2CB6E49E295F6498008DE698 /* MoneyTextField.swift in Sources */,
				2C0B996F2959FD6A00443BAC /* Persistence.swift in Sources */,
				2CCCA5A82961DBD200B1C846 /* EditableDecimal.swift in Sources */,
				2CB74A7D295E351400408363 /* TransactionDetailSheet.swift in Sources */,
				2C205B0A2962201300AD366E /* ExchangeRateManager.swift in Sources */,
				2C4C8B90296612AF004DF2B3 /* AppSettingsScreen.swift in Sources */,
				2C7CC3EC29609868006164DB /* Container.swift in Sources */,
			);
			runOnlyForDeploymentPostprocessing = 0;
		};
/* End PBXSourcesBuildPhase section */

/* Begin XCBuildConfiguration section */
		2C0B997B2959FD6D00443BAC /* Debug */ = {
			isa = XCBuildConfiguration;
			buildSettings = {
				ALWAYS_SEARCH_USER_PATHS = NO;
				CLANG_ANALYZER_NONNULL = YES;
				CLANG_ANALYZER_NUMBER_OBJECT_CONVERSION = YES_AGGRESSIVE;
				CLANG_CXX_LANGUAGE_STANDARD = "gnu++20";
				CLANG_ENABLE_MODULES = YES;
				CLANG_ENABLE_OBJC_ARC = YES;
				CLANG_ENABLE_OBJC_WEAK = YES;
				CLANG_WARN_BLOCK_CAPTURE_AUTORELEASING = YES;
				CLANG_WARN_BOOL_CONVERSION = YES;
				CLANG_WARN_COMMA = YES;
				CLANG_WARN_CONSTANT_CONVERSION = YES;
				CLANG_WARN_DEPRECATED_OBJC_IMPLEMENTATIONS = YES;
				CLANG_WARN_DIRECT_OBJC_ISA_USAGE = YES_ERROR;
				CLANG_WARN_DOCUMENTATION_COMMENTS = YES;
				CLANG_WARN_EMPTY_BODY = YES;
				CLANG_WARN_ENUM_CONVERSION = YES;
				CLANG_WARN_INFINITE_RECURSION = YES;
				CLANG_WARN_INT_CONVERSION = YES;
				CLANG_WARN_NON_LITERAL_NULL_CONVERSION = YES;
				CLANG_WARN_OBJC_IMPLICIT_RETAIN_SELF = YES;
				CLANG_WARN_OBJC_LITERAL_CONVERSION = YES;
				CLANG_WARN_OBJC_ROOT_CLASS = YES_ERROR;
				CLANG_WARN_QUOTED_INCLUDE_IN_FRAMEWORK_HEADER = YES;
				CLANG_WARN_RANGE_LOOP_ANALYSIS = YES;
				CLANG_WARN_STRICT_PROTOTYPES = YES;
				CLANG_WARN_SUSPICIOUS_MOVE = YES;
				CLANG_WARN_UNGUARDED_AVAILABILITY = YES_AGGRESSIVE;
				CLANG_WARN_UNREACHABLE_CODE = YES;
				CLANG_WARN__DUPLICATE_METHOD_MATCH = YES;
				COPY_PHASE_STRIP = NO;
				DEBUG_INFORMATION_FORMAT = dwarf;
				ENABLE_STRICT_OBJC_MSGSEND = YES;
				ENABLE_TESTABILITY = YES;
				GCC_C_LANGUAGE_STANDARD = gnu11;
				GCC_DYNAMIC_NO_PIC = NO;
				GCC_NO_COMMON_BLOCKS = YES;
				GCC_OPTIMIZATION_LEVEL = 0;
				GCC_PREPROCESSOR_DEFINITIONS = (
					"DEBUG=1",
					"$(inherited)",
				);
				GCC_WARN_64_TO_32_BIT_CONVERSION = YES;
				GCC_WARN_ABOUT_RETURN_TYPE = YES_ERROR;
				GCC_WARN_UNDECLARED_SELECTOR = YES;
				GCC_WARN_UNINITIALIZED_AUTOS = YES_AGGRESSIVE;
				GCC_WARN_UNUSED_FUNCTION = YES;
				GCC_WARN_UNUSED_VARIABLE = YES;
				MTL_ENABLE_DEBUG_INFO = INCLUDE_SOURCE;
				MTL_FAST_MATH = YES;
				ONLY_ACTIVE_ARCH = YES;
				SWIFT_ACTIVE_COMPILATION_CONDITIONS = DEBUG;
				SWIFT_OPTIMIZATION_LEVEL = "-Onone";
			};
			name = Debug;
		};
		2C0B997C2959FD6D00443BAC /* Release */ = {
			isa = XCBuildConfiguration;
			buildSettings = {
				ALWAYS_SEARCH_USER_PATHS = NO;
				CLANG_ANALYZER_NONNULL = YES;
				CLANG_ANALYZER_NUMBER_OBJECT_CONVERSION = YES_AGGRESSIVE;
				CLANG_CXX_LANGUAGE_STANDARD = "gnu++20";
				CLANG_ENABLE_MODULES = YES;
				CLANG_ENABLE_OBJC_ARC = YES;
				CLANG_ENABLE_OBJC_WEAK = YES;
				CLANG_WARN_BLOCK_CAPTURE_AUTORELEASING = YES;
				CLANG_WARN_BOOL_CONVERSION = YES;
				CLANG_WARN_COMMA = YES;
				CLANG_WARN_CONSTANT_CONVERSION = YES;
				CLANG_WARN_DEPRECATED_OBJC_IMPLEMENTATIONS = YES;
				CLANG_WARN_DIRECT_OBJC_ISA_USAGE = YES_ERROR;
				CLANG_WARN_DOCUMENTATION_COMMENTS = YES;
				CLANG_WARN_EMPTY_BODY = YES;
				CLANG_WARN_ENUM_CONVERSION = YES;
				CLANG_WARN_INFINITE_RECURSION = YES;
				CLANG_WARN_INT_CONVERSION = YES;
				CLANG_WARN_NON_LITERAL_NULL_CONVERSION = YES;
				CLANG_WARN_OBJC_IMPLICIT_RETAIN_SELF = YES;
				CLANG_WARN_OBJC_LITERAL_CONVERSION = YES;
				CLANG_WARN_OBJC_ROOT_CLASS = YES_ERROR;
				CLANG_WARN_QUOTED_INCLUDE_IN_FRAMEWORK_HEADER = YES;
				CLANG_WARN_RANGE_LOOP_ANALYSIS = YES;
				CLANG_WARN_STRICT_PROTOTYPES = YES;
				CLANG_WARN_SUSPICIOUS_MOVE = YES;
				CLANG_WARN_UNGUARDED_AVAILABILITY = YES_AGGRESSIVE;
				CLANG_WARN_UNREACHABLE_CODE = YES;
				CLANG_WARN__DUPLICATE_METHOD_MATCH = YES;
				COPY_PHASE_STRIP = NO;
				DEBUG_INFORMATION_FORMAT = "dwarf-with-dsym";
				ENABLE_NS_ASSERTIONS = NO;
				ENABLE_STRICT_OBJC_MSGSEND = YES;
				GCC_C_LANGUAGE_STANDARD = gnu11;
				GCC_NO_COMMON_BLOCKS = YES;
				GCC_WARN_64_TO_32_BIT_CONVERSION = YES;
				GCC_WARN_ABOUT_RETURN_TYPE = YES_ERROR;
				GCC_WARN_UNDECLARED_SELECTOR = YES;
				GCC_WARN_UNINITIALIZED_AUTOS = YES_AGGRESSIVE;
				GCC_WARN_UNUSED_FUNCTION = YES;
				GCC_WARN_UNUSED_VARIABLE = YES;
				MTL_ENABLE_DEBUG_INFO = NO;
				MTL_FAST_MATH = YES;
				SWIFT_COMPILATION_MODE = wholemodule;
				SWIFT_OPTIMIZATION_LEVEL = "-O";
			};
			name = Release;
		};
		2C0B997E2959FD6D00443BAC /* Debug */ = {
			isa = XCBuildConfiguration;
			buildSettings = {
				ASSETCATALOG_COMPILER_APPICON_NAME = AppIcon;
				ASSETCATALOG_COMPILER_GLOBAL_ACCENT_COLOR_NAME = AccentColor;
				CODE_SIGN_ENTITLEMENTS = OwnStonks/OwnStonks.entitlements;
				CODE_SIGN_STYLE = Automatic;
				CURRENT_PROJECT_VERSION = 1;
				DEVELOPMENT_ASSET_PATHS = "\"OwnStonks/Preview Content\"";
				DEVELOPMENT_TEAM = DXUKH9VF73;
				ENABLE_HARDENED_RUNTIME = YES;
				ENABLE_PREVIEWS = YES;
				GENERATE_INFOPLIST_FILE = YES;
				INFOPLIST_KEY_LSApplicationCategoryType = "public.app-category.finance";
				"INFOPLIST_KEY_UIApplicationSceneManifest_Generation[sdk=iphoneos*]" = YES;
				"INFOPLIST_KEY_UIApplicationSceneManifest_Generation[sdk=iphonesimulator*]" = YES;
				"INFOPLIST_KEY_UIApplicationSupportsIndirectInputEvents[sdk=iphoneos*]" = YES;
				"INFOPLIST_KEY_UIApplicationSupportsIndirectInputEvents[sdk=iphonesimulator*]" = YES;
				"INFOPLIST_KEY_UILaunchScreen_Generation[sdk=iphoneos*]" = YES;
				"INFOPLIST_KEY_UILaunchScreen_Generation[sdk=iphonesimulator*]" = YES;
				"INFOPLIST_KEY_UIStatusBarStyle[sdk=iphoneos*]" = UIStatusBarStyleDefault;
				"INFOPLIST_KEY_UIStatusBarStyle[sdk=iphonesimulator*]" = UIStatusBarStyleDefault;
				INFOPLIST_KEY_UISupportedInterfaceOrientations_iPad = "UIInterfaceOrientationPortrait UIInterfaceOrientationPortraitUpsideDown UIInterfaceOrientationLandscapeLeft UIInterfaceOrientationLandscapeRight";
				INFOPLIST_KEY_UISupportedInterfaceOrientations_iPhone = "UIInterfaceOrientationPortrait UIInterfaceOrientationLandscapeLeft UIInterfaceOrientationLandscapeRight";
				IPHONEOS_DEPLOYMENT_TARGET = 16.2;
				LD_RUNPATH_SEARCH_PATHS = "@executable_path/Frameworks";
				"LD_RUNPATH_SEARCH_PATHS[sdk=macosx*]" = "@executable_path/../Frameworks";
				MACOSX_DEPLOYMENT_TARGET = 13.1;
				MARKETING_VERSION = 1.0;
				PRODUCT_BUNDLE_IDENTIFIER = io.kamaal.OwnStonks;
				PRODUCT_NAME = "$(TARGET_NAME)";
				SDKROOT = auto;
				SUPPORTED_PLATFORMS = "iphoneos iphonesimulator macosx";
				SWIFT_EMIT_LOC_STRINGS = YES;
				SWIFT_VERSION = 5.0;
				TARGETED_DEVICE_FAMILY = "1,2";
			};
			name = Debug;
		};
		2C0B997F2959FD6D00443BAC /* Release */ = {
			isa = XCBuildConfiguration;
			buildSettings = {
				ASSETCATALOG_COMPILER_APPICON_NAME = AppIcon;
				ASSETCATALOG_COMPILER_GLOBAL_ACCENT_COLOR_NAME = AccentColor;
				CODE_SIGN_ENTITLEMENTS = OwnStonks/OwnStonks.entitlements;
				CODE_SIGN_STYLE = Automatic;
				CURRENT_PROJECT_VERSION = 1;
				DEVELOPMENT_ASSET_PATHS = "\"OwnStonks/Preview Content\"";
				DEVELOPMENT_TEAM = DXUKH9VF73;
				ENABLE_HARDENED_RUNTIME = YES;
				ENABLE_PREVIEWS = YES;
				GENERATE_INFOPLIST_FILE = YES;
				INFOPLIST_KEY_LSApplicationCategoryType = "public.app-category.finance";
				"INFOPLIST_KEY_UIApplicationSceneManifest_Generation[sdk=iphoneos*]" = YES;
				"INFOPLIST_KEY_UIApplicationSceneManifest_Generation[sdk=iphonesimulator*]" = YES;
				"INFOPLIST_KEY_UIApplicationSupportsIndirectInputEvents[sdk=iphoneos*]" = YES;
				"INFOPLIST_KEY_UIApplicationSupportsIndirectInputEvents[sdk=iphonesimulator*]" = YES;
				"INFOPLIST_KEY_UILaunchScreen_Generation[sdk=iphoneos*]" = YES;
				"INFOPLIST_KEY_UILaunchScreen_Generation[sdk=iphonesimulator*]" = YES;
				"INFOPLIST_KEY_UIStatusBarStyle[sdk=iphoneos*]" = UIStatusBarStyleDefault;
				"INFOPLIST_KEY_UIStatusBarStyle[sdk=iphonesimulator*]" = UIStatusBarStyleDefault;
				INFOPLIST_KEY_UISupportedInterfaceOrientations_iPad = "UIInterfaceOrientationPortrait UIInterfaceOrientationPortraitUpsideDown UIInterfaceOrientationLandscapeLeft UIInterfaceOrientationLandscapeRight";
				INFOPLIST_KEY_UISupportedInterfaceOrientations_iPhone = "UIInterfaceOrientationPortrait UIInterfaceOrientationLandscapeLeft UIInterfaceOrientationLandscapeRight";
				IPHONEOS_DEPLOYMENT_TARGET = 16.2;
				LD_RUNPATH_SEARCH_PATHS = "@executable_path/Frameworks";
				"LD_RUNPATH_SEARCH_PATHS[sdk=macosx*]" = "@executable_path/../Frameworks";
				MACOSX_DEPLOYMENT_TARGET = 13.1;
				MARKETING_VERSION = 1.0;
				PRODUCT_BUNDLE_IDENTIFIER = io.kamaal.OwnStonks;
				PRODUCT_NAME = "$(TARGET_NAME)";
				SDKROOT = auto;
				SUPPORTED_PLATFORMS = "iphoneos iphonesimulator macosx";
				SWIFT_EMIT_LOC_STRINGS = YES;
				SWIFT_VERSION = 5.0;
				TARGETED_DEVICE_FAMILY = "1,2";
			};
			name = Release;
		};
/* End XCBuildConfiguration section */

/* Begin XCConfigurationList section */
		2C0B99642959FD6A00443BAC /* Build configuration list for PBXProject "OwnStonks" */ = {
			isa = XCConfigurationList;
			buildConfigurations = (
				2C0B997B2959FD6D00443BAC /* Debug */,
				2C0B997C2959FD6D00443BAC /* Release */,
			);
			defaultConfigurationIsVisible = 0;
			defaultConfigurationName = Release;
		};
		2C0B997D2959FD6D00443BAC /* Build configuration list for PBXNativeTarget "OwnStonks" */ = {
			isa = XCConfigurationList;
			buildConfigurations = (
				2C0B997E2959FD6D00443BAC /* Debug */,
				2C0B997F2959FD6D00443BAC /* Release */,
			);
			defaultConfigurationIsVisible = 0;
			defaultConfigurationName = Release;
		};
/* End XCConfigurationList section */

/* Begin XCRemoteSwiftPackageReference section */
		2C7CC3E42960973D006164DB /* XCRemoteSwiftPackageReference "Swinject" */ = {
			isa = XCRemoteSwiftPackageReference;
			repositoryURL = "https://github.com/Swinject/Swinject.git";
			requirement = {
				kind = upToNextMajorVersion;
				minimumVersion = 2.8.3;
			};
		};
		2CB6E4AA295F8599008DE698 /* XCRemoteSwiftPackageReference "ShrimpExtensions" */ = {
			isa = XCRemoteSwiftPackageReference;
			repositoryURL = "https://github.com/Kamaalio/ShrimpExtensions.git";
			requirement = {
				kind = upToNextMajorVersion;
				minimumVersion = 3.0.0;
			};
		};
		2CD7D4DD295CD472006F675D /* XCRemoteSwiftPackageReference "SalmonUI" */ = {
			isa = XCRemoteSwiftPackageReference;
			repositoryURL = "https://github.com/Kamaalio/SalmonUI.git";
			requirement = {
				kind = upToNextMajorVersion;
				minimumVersion = 5.1.1;
			};
		};
		2CD8A8A6296620FA00D50D60 /* XCRemoteSwiftPackageReference "SettingsUI" */ = {
			isa = XCRemoteSwiftPackageReference;
			repositoryURL = "https://github.com/Kamaalio/SettingsUI.git";
			requirement = {
				kind = upToNextMinorVersion;
				minimumVersion = 0.2.0;
			};
		};
		2CD8A8A9296621BB00D50D60 /* XCRemoteSwiftPackageReference "Logster" */ = {
			isa = XCRemoteSwiftPackageReference;
			repositoryURL = "https://github.com/Kamaalio/Logster.git";
			requirement = {
				kind = upToNextMajorVersion;
				minimumVersion = 1.1.0;
			};
		};
		2CD8A8AC296621E300D50D60 /* XCRemoteSwiftPackageReference "PopperUp" */ = {
			isa = XCRemoteSwiftPackageReference;
			repositoryURL = "https://github.com/Kamaalio/PopperUp.git";
			requirement = {
				kind = upToNextMinorVersion;
				minimumVersion = 0.4.1;
			};
		};
/* End XCRemoteSwiftPackageReference section */

/* Begin XCSwiftPackageProductDependency section */
		2C0B9986295A0F2E00443BAC /* SwiftStructures */ = {
			isa = XCSwiftPackageProductDependency;
			productName = SwiftStructures;
		};
		2C0B9990295A11D100443BAC /* BetterNavigation */ = {
			isa = XCSwiftPackageProductDependency;
			productName = BetterNavigation;
		};
		2C5EF048296082F3000536BC /* Backend */ = {
			isa = XCSwiftPackageProductDependency;
			productName = Backend;
		};
		2C7CC3E2296093CE006164DB /* Models */ = {
			isa = XCSwiftPackageProductDependency;
			productName = Models;
		};
		2C7CC3E52960973D006164DB /* Swinject */ = {
			isa = XCSwiftPackageProductDependency;
			package = 2C7CC3E42960973D006164DB /* XCRemoteSwiftPackageReference "Swinject" */;
			productName = Swinject;
		};
		2C7CC3F129609D27006164DB /* ZaWarudo */ = {
			isa = XCSwiftPackageProductDependency;
			productName = ZaWarudo;
		};
		2CB6E4AB295F8599008DE698 /* ShrimpExtensions */ = {
			isa = XCSwiftPackageProductDependency;
			package = 2CB6E4AA295F8599008DE698 /* XCRemoteSwiftPackageReference "ShrimpExtensions" */;
			productName = ShrimpExtensions;
		};
		2CB74A77295E32F700408363 /* OSLocales */ = {
			isa = XCSwiftPackageProductDependency;
			productName = OSLocales;
		};
		2CD7D4DE295CD472006F675D /* SalmonUI */ = {
			isa = XCSwiftPackageProductDependency;
			package = 2CD7D4DD295CD472006F675D /* XCRemoteSwiftPackageReference "SalmonUI" */;
			productName = SalmonUI;
		};
		2CD8A8A7296620FA00D50D60 /* SettingsUI */ = {
			isa = XCSwiftPackageProductDependency;
			package = 2CD8A8A6296620FA00D50D60 /* XCRemoteSwiftPackageReference "SettingsUI" */;
			productName = SettingsUI;
		};
		2CD8A8AA296621BB00D50D60 /* Logster */ = {
			isa = XCSwiftPackageProductDependency;
			package = 2CD8A8A9296621BB00D50D60 /* XCRemoteSwiftPackageReference "Logster" */;
			productName = Logster;
		};
		2CD8A8AD296621E300D50D60 /* PopperUp */ = {
			isa = XCSwiftPackageProductDependency;
			package = 2CD8A8AC296621E300D50D60 /* XCRemoteSwiftPackageReference "PopperUp" */;
			productName = PopperUp;
		};
/* End XCSwiftPackageProductDependency section */
	};
	rootObject = 2C0B99612959FD6A00443BAC /* Project object */;
}
