# This file is automatically @generated by Poetry 1.7.1 and should not be changed by hand.

[[package]]
name = "kamaalpy"
version = "0.1.0"
description = "A package with everything Python"
optional = false
python-versions = ">=3.11"
files = [
    {file = "kamaalpy-0.1.0-py3-none-any.whl", hash = "sha256:930455c68860727882c2f6c8670fb892daea6e8d7b32f23ae9022e22b9b06cac"},
    {file = "kamaalpy-0.1.0.tar.gz", hash = "sha256:d1685e769deeecbf06ed9d8786a31b51fcf387e3ba97630e1b71f89a698edf3b"},
]

[metadata]
lock-version = "2.0"
python-versions = "^3.11"
content-hash = "4be507145e1c1a5d4189fae996f2791c5652a591e27a3fce17cf4dbf523b9af7"
